// !$*UTF8*$!
{
	archiveVersion = 1;
	classes = {
	};
	objectVersion = 46;
	objects = {

/* Begin PBXBuildFile section */
		C91436EA13F5E1EC00019EBF /* QuartzCore.framework in Frameworks */ = {isa = PBXBuildFile; fileRef = C91436E913F5E1EC00019EBF /* QuartzCore.framework */; };
		C91436EC13F5E1EC00019EBF /* OpenGL.framework in Frameworks */ = {isa = PBXBuildFile; fileRef = C91436EB13F5E1EC00019EBF /* OpenGL.framework */; };
		C91436EE13F5E1EC00019EBF /* OpenAL.framework in Frameworks */ = {isa = PBXBuildFile; fileRef = C91436ED13F5E1EC00019EBF /* OpenAL.framework */; };
		C91436F013F5E1EC00019EBF /* AudioToolbox.framework in Frameworks */ = {isa = PBXBuildFile; fileRef = C91436EF13F5E1EC00019EBF /* AudioToolbox.framework */; };
		C91436F213F5E1EC00019EBF /* AppKit.framework in Frameworks */ = {isa = PBXBuildFile; fileRef = C91436F113F5E1EC00019EBF /* AppKit.framework */; };
		C91436F413F5E1EC00019EBF /* Foundation.framework in Frameworks */ = {isa = PBXBuildFile; fileRef = C91436F313F5E1EC00019EBF /* Foundation.framework */; };
		C91436FA13F5E1EC00019EBF /* InfoPlist.strings in Resources */ = {isa = PBXBuildFile; fileRef = C91436F813F5E1EC00019EBF /* InfoPlist.strings */; };
		C91436FD13F5E1EC00019EBF /* MainMenu.xib in Resources */ = {isa = PBXBuildFile; fileRef = C91436FB13F5E1EC00019EBF /* MainMenu.xib */; };
		C91436FF13F5E1EC00019EBF /* fps_images.png in Resources */ = {isa = PBXBuildFile; fileRef = C91436FE13F5E1EC00019EBF /* fps_images.png */; };
		C914370113F5E1EC00019EBF /* icon.icns in Resources */ = {isa = PBXBuildFile; fileRef = C914370013F5E1EC00019EBF /* icon.icns */; };
		C914370713F5E1EC00019EBF /* CCAction.m in Sources */ = {isa = PBXBuildFile; fileRef = C914370613F5E1EC00019EBF /* CCAction.m */; };
		C914370A13F5E1EC00019EBF /* CCActionCamera.m in Sources */ = {isa = PBXBuildFile; fileRef = C914370913F5E1EC00019EBF /* CCActionCamera.m */; };
		C914370D13F5E1EC00019EBF /* CCActionEase.m in Sources */ = {isa = PBXBuildFile; fileRef = C914370C13F5E1EC00019EBF /* CCActionEase.m */; };
		C914371013F5E1EC00019EBF /* CCActionGrid.m in Sources */ = {isa = PBXBuildFile; fileRef = C914370F13F5E1EC00019EBF /* CCActionGrid.m */; };
		C914371313F5E1ED00019EBF /* CCActionGrid3D.m in Sources */ = {isa = PBXBuildFile; fileRef = C914371213F5E1ED00019EBF /* CCActionGrid3D.m */; };
		C914371613F5E1ED00019EBF /* CCActionInstant.m in Sources */ = {isa = PBXBuildFile; fileRef = C914371513F5E1ED00019EBF /* CCActionInstant.m */; };
		C914371913F5E1ED00019EBF /* CCActionInterval.m in Sources */ = {isa = PBXBuildFile; fileRef = C914371813F5E1ED00019EBF /* CCActionInterval.m */; };
		C914371C13F5E1ED00019EBF /* CCActionManager.m in Sources */ = {isa = PBXBuildFile; fileRef = C914371B13F5E1ED00019EBF /* CCActionManager.m */; };
		C914371F13F5E1ED00019EBF /* CCActionPageTurn3D.m in Sources */ = {isa = PBXBuildFile; fileRef = C914371E13F5E1ED00019EBF /* CCActionPageTurn3D.m */; };
		C914372213F5E1ED00019EBF /* CCActionProgressTimer.m in Sources */ = {isa = PBXBuildFile; fileRef = C914372113F5E1ED00019EBF /* CCActionProgressTimer.m */; };
		C914372513F5E1ED00019EBF /* CCActionTiledGrid.m in Sources */ = {isa = PBXBuildFile; fileRef = C914372413F5E1ED00019EBF /* CCActionTiledGrid.m */; };
		C914372813F5E1ED00019EBF /* CCActionTween.m in Sources */ = {isa = PBXBuildFile; fileRef = C914372713F5E1ED00019EBF /* CCActionTween.m */; };
		C914372B13F5E1ED00019EBF /* CCAnimation.m in Sources */ = {isa = PBXBuildFile; fileRef = C914372A13F5E1ED00019EBF /* CCAnimation.m */; };
		C914372E13F5E1ED00019EBF /* CCAnimationCache.m in Sources */ = {isa = PBXBuildFile; fileRef = C914372D13F5E1ED00019EBF /* CCAnimationCache.m */; };
		C914373113F5E1ED00019EBF /* CCAtlasNode.m in Sources */ = {isa = PBXBuildFile; fileRef = C914373013F5E1ED00019EBF /* CCAtlasNode.m */; };
		C914373413F5E1ED00019EBF /* CCBlockSupport.m in Sources */ = {isa = PBXBuildFile; fileRef = C914373313F5E1ED00019EBF /* CCBlockSupport.m */; };
		C914373713F5E1ED00019EBF /* CCCamera.m in Sources */ = {isa = PBXBuildFile; fileRef = C914373613F5E1ED00019EBF /* CCCamera.m */; };
		C914373B13F5E1ED00019EBF /* CCConfiguration.m in Sources */ = {isa = PBXBuildFile; fileRef = C914373A13F5E1ED00019EBF /* CCConfiguration.m */; };
		C914373E13F5E1ED00019EBF /* CCDirector.m in Sources */ = {isa = PBXBuildFile; fileRef = C914373D13F5E1ED00019EBF /* CCDirector.m */; };
		C914374113F5E1ED00019EBF /* CCDrawingPrimitives.m in Sources */ = {isa = PBXBuildFile; fileRef = C914374013F5E1ED00019EBF /* CCDrawingPrimitives.m */; };
		C914374413F5E1ED00019EBF /* CCGrabber.m in Sources */ = {isa = PBXBuildFile; fileRef = C914374313F5E1ED00019EBF /* CCGrabber.m */; };
		C914374713F5E1ED00019EBF /* CCGrid.m in Sources */ = {isa = PBXBuildFile; fileRef = C914374613F5E1ED00019EBF /* CCGrid.m */; };
		C914374A13F5E1ED00019EBF /* CCLabelAtlas.m in Sources */ = {isa = PBXBuildFile; fileRef = C914374913F5E1ED00019EBF /* CCLabelAtlas.m */; };
		C914374D13F5E1ED00019EBF /* CCLabelBMFont.m in Sources */ = {isa = PBXBuildFile; fileRef = C914374C13F5E1ED00019EBF /* CCLabelBMFont.m */; };
		C914375013F5E1ED00019EBF /* CCLabelTTF.m in Sources */ = {isa = PBXBuildFile; fileRef = C914374F13F5E1ED00019EBF /* CCLabelTTF.m */; };
		C914375313F5E1ED00019EBF /* CCLayer.m in Sources */ = {isa = PBXBuildFile; fileRef = C914375213F5E1ED00019EBF /* CCLayer.m */; };
		C914375713F5E1ED00019EBF /* CCMenu.m in Sources */ = {isa = PBXBuildFile; fileRef = C914375613F5E1ED00019EBF /* CCMenu.m */; };
		C914375A13F5E1ED00019EBF /* CCMenuItem.m in Sources */ = {isa = PBXBuildFile; fileRef = C914375913F5E1ED00019EBF /* CCMenuItem.m */; };
		C914375D13F5E1ED00019EBF /* CCMotionStreak.m in Sources */ = {isa = PBXBuildFile; fileRef = C914375C13F5E1ED00019EBF /* CCMotionStreak.m */; };
		C914376013F5E1ED00019EBF /* CCNode.m in Sources */ = {isa = PBXBuildFile; fileRef = C914375F13F5E1ED00019EBF /* CCNode.m */; };
		C914376313F5E1ED00019EBF /* CCParallaxNode.m in Sources */ = {isa = PBXBuildFile; fileRef = C914376213F5E1ED00019EBF /* CCParallaxNode.m */; };
		C914376613F5E1ED00019EBF /* CCParticleExamples.m in Sources */ = {isa = PBXBuildFile; fileRef = C914376513F5E1ED00019EBF /* CCParticleExamples.m */; };
		C914376913F5E1ED00019EBF /* CCParticleSystem.m in Sources */ = {isa = PBXBuildFile; fileRef = C914376813F5E1ED00019EBF /* CCParticleSystem.m */; };
		C914376C13F5E1ED00019EBF /* CCParticleSystemPoint.m in Sources */ = {isa = PBXBuildFile; fileRef = C914376B13F5E1ED00019EBF /* CCParticleSystemPoint.m */; };
		C914376F13F5E1ED00019EBF /* CCParticleSystemQuad.m in Sources */ = {isa = PBXBuildFile; fileRef = C914376E13F5E1ED00019EBF /* CCParticleSystemQuad.m */; };
		C914377213F5E1ED00019EBF /* CCProgressTimer.m in Sources */ = {isa = PBXBuildFile; fileRef = C914377113F5E1ED00019EBF /* CCProgressTimer.m */; };
		C914377613F5E1ED00019EBF /* CCRenderTexture.m in Sources */ = {isa = PBXBuildFile; fileRef = C914377513F5E1ED00019EBF /* CCRenderTexture.m */; };
		C914377913F5E1ED00019EBF /* CCRibbon.m in Sources */ = {isa = PBXBuildFile; fileRef = C914377813F5E1ED00019EBF /* CCRibbon.m */; };
		C914377C13F5E1ED00019EBF /* CCScene.m in Sources */ = {isa = PBXBuildFile; fileRef = C914377B13F5E1ED00019EBF /* CCScene.m */; };
		C914377F13F5E1ED00019EBF /* CCScheduler.m in Sources */ = {isa = PBXBuildFile; fileRef = C914377E13F5E1ED00019EBF /* CCScheduler.m */; };
		C914378213F5E1ED00019EBF /* CCSprite.m in Sources */ = {isa = PBXBuildFile; fileRef = C914378113F5E1ED00019EBF /* CCSprite.m */; };
		C914378513F5E1ED00019EBF /* CCSpriteBatchNode.m in Sources */ = {isa = PBXBuildFile; fileRef = C914378413F5E1ED00019EBF /* CCSpriteBatchNode.m */; };
		C914378813F5E1ED00019EBF /* CCSpriteFrame.m in Sources */ = {isa = PBXBuildFile; fileRef = C914378713F5E1ED00019EBF /* CCSpriteFrame.m */; };
		C914378B13F5E1ED00019EBF /* CCSpriteFrameCache.m in Sources */ = {isa = PBXBuildFile; fileRef = C914378A13F5E1ED00019EBF /* CCSpriteFrameCache.m */; };
		C914378E13F5E1ED00019EBF /* CCTexture2D.m in Sources */ = {isa = PBXBuildFile; fileRef = C914378D13F5E1ED00019EBF /* CCTexture2D.m */; };
		C914379113F5E1ED00019EBF /* CCTextureAtlas.m in Sources */ = {isa = PBXBuildFile; fileRef = C914379013F5E1ED00019EBF /* CCTextureAtlas.m */; };
		C914379413F5E1EE00019EBF /* CCTextureCache.m in Sources */ = {isa = PBXBuildFile; fileRef = C914379313F5E1EE00019EBF /* CCTextureCache.m */; };
		C914379713F5E1EE00019EBF /* CCTexturePVR.m in Sources */ = {isa = PBXBuildFile; fileRef = C914379613F5E1EE00019EBF /* CCTexturePVR.m */; };
		C914379A13F5E1EE00019EBF /* CCTileMapAtlas.m in Sources */ = {isa = PBXBuildFile; fileRef = C914379913F5E1EE00019EBF /* CCTileMapAtlas.m */; };
		C914379D13F5E1EE00019EBF /* CCTMXLayer.m in Sources */ = {isa = PBXBuildFile; fileRef = C914379C13F5E1EE00019EBF /* CCTMXLayer.m */; };
		C91437A013F5E1EE00019EBF /* CCTMXObjectGroup.m in Sources */ = {isa = PBXBuildFile; fileRef = C914379F13F5E1EE00019EBF /* CCTMXObjectGroup.m */; };
		C91437A313F5E1EE00019EBF /* CCTMXTiledMap.m in Sources */ = {isa = PBXBuildFile; fileRef = C91437A213F5E1EE00019EBF /* CCTMXTiledMap.m */; };
		C91437A613F5E1EE00019EBF /* CCTMXXMLParser.m in Sources */ = {isa = PBXBuildFile; fileRef = C91437A513F5E1EE00019EBF /* CCTMXXMLParser.m */; };
		C91437A913F5E1EE00019EBF /* CCTransition.m in Sources */ = {isa = PBXBuildFile; fileRef = C91437A813F5E1EE00019EBF /* CCTransition.m */; };
		C91437AC13F5E1EE00019EBF /* CCTransitionPageTurn.m in Sources */ = {isa = PBXBuildFile; fileRef = C91437AB13F5E1EE00019EBF /* CCTransitionPageTurn.m */; };
		C91437AF13F5E1EE00019EBF /* CCTransitionRadial.m in Sources */ = {isa = PBXBuildFile; fileRef = C91437AE13F5E1EE00019EBF /* CCTransitionRadial.m */; };
		C91437B313F5E1EE00019EBF /* cocos2d.m in Sources */ = {isa = PBXBuildFile; fileRef = C91437B213F5E1EE00019EBF /* cocos2d.m */; };
		C91437BA13F5E1EE00019EBF /* CCDirectorIOS.m in Sources */ = {isa = PBXBuildFile; fileRef = C91437B913F5E1EE00019EBF /* CCDirectorIOS.m */; };
		C91437BE13F5E1EE00019EBF /* CCTouchDispatcher.m in Sources */ = {isa = PBXBuildFile; fileRef = C91437BD13F5E1EE00019EBF /* CCTouchDispatcher.m */; };
		C91437C113F5E1EE00019EBF /* CCTouchHandler.m in Sources */ = {isa = PBXBuildFile; fileRef = C91437C013F5E1EE00019EBF /* CCTouchHandler.m */; };
		C91437C413F5E1EE00019EBF /* EAGLView.m in Sources */ = {isa = PBXBuildFile; fileRef = C91437C313F5E1EE00019EBF /* EAGLView.m */; };
		C91437C713F5E1EE00019EBF /* ES1Renderer.m in Sources */ = {isa = PBXBuildFile; fileRef = C91437C613F5E1EE00019EBF /* ES1Renderer.m */; };
		C91437CA13F5E1EE00019EBF /* glu.c in Sources */ = {isa = PBXBuildFile; fileRef = C91437C913F5E1EE00019EBF /* glu.c */; };
		C91437CF13F5E1EE00019EBF /* CCDirectorMac.m in Sources */ = {isa = PBXBuildFile; fileRef = C91437CE13F5E1EE00019EBF /* CCDirectorMac.m */; };
		C91437D213F5E1EE00019EBF /* CCEventDispatcher.m in Sources */ = {isa = PBXBuildFile; fileRef = C91437D113F5E1EE00019EBF /* CCEventDispatcher.m */; };
		C91437D513F5E1EE00019EBF /* MacGLView.m in Sources */ = {isa = PBXBuildFile; fileRef = C91437D413F5E1EE00019EBF /* MacGLView.m */; };
		C91437D813F5E1EE00019EBF /* MacWindow.m in Sources */ = {isa = PBXBuildFile; fileRef = C91437D713F5E1EE00019EBF /* MacWindow.m */; };
		C91437DB13F5E1EE00019EBF /* base64.c in Sources */ = {isa = PBXBuildFile; fileRef = C91437DA13F5E1EE00019EBF /* base64.c */; };
		C91437DF13F5E1EE00019EBF /* CCArray.m in Sources */ = {isa = PBXBuildFile; fileRef = C91437DE13F5E1EE00019EBF /* CCArray.m */; };
		C91437E313F5E1EE00019EBF /* CCFileUtils.m in Sources */ = {isa = PBXBuildFile; fileRef = C91437E213F5E1EE00019EBF /* CCFileUtils.m */; };
		C91437E613F5E1EE00019EBF /* CCProfiling.m in Sources */ = {isa = PBXBuildFile; fileRef = C91437E513F5E1EE00019EBF /* CCProfiling.m */; };
		C91437E813F5E1EE00019EBF /* ccUtils.c in Sources */ = {isa = PBXBuildFile; fileRef = C91437E713F5E1EE00019EBF /* ccUtils.c */; };
		C91437EC13F5E1EE00019EBF /* CGPointExtension.m in Sources */ = {isa = PBXBuildFile; fileRef = C91437EB13F5E1EE00019EBF /* CGPointExtension.m */; };
		C91437F013F5E1EE00019EBF /* TGAlib.m in Sources */ = {isa = PBXBuildFile; fileRef = C91437EF13F5E1EE00019EBF /* TGAlib.m */; };
		C91437F313F5E1EE00019EBF /* TransformUtils.m in Sources */ = {isa = PBXBuildFile; fileRef = C91437F213F5E1EE00019EBF /* TransformUtils.m */; };
		C91437F813F5E1EE00019EBF /* ZipUtils.m in Sources */ = {isa = PBXBuildFile; fileRef = C91437F713F5E1EE00019EBF /* ZipUtils.m */; };
		C91437FD13F5E1EE00019EBF /* CDAudioManager.m in Sources */ = {isa = PBXBuildFile; fileRef = C91437FC13F5E1EE00019EBF /* CDAudioManager.m */; };
		C914380113F5E1EE00019EBF /* CDOpenALSupport.m in Sources */ = {isa = PBXBuildFile; fileRef = C914380013F5E1EE00019EBF /* CDOpenALSupport.m */; };
		C914380413F5E1EE00019EBF /* CocosDenshion.m in Sources */ = {isa = PBXBuildFile; fileRef = C914380313F5E1EE00019EBF /* CocosDenshion.m */; };
		C914380713F5E1EE00019EBF /* SimpleAudioEngine.m in Sources */ = {isa = PBXBuildFile; fileRef = C914380613F5E1EE00019EBF /* SimpleAudioEngine.m */; };
		C914380C13F5E1EE00019EBF /* CDXMacOSXSupport.m in Sources */ = {isa = PBXBuildFile; fileRef = C914380B13F5E1EE00019EBF /* CDXMacOSXSupport.m */; };
		C914380F13F5E1EE00019EBF /* CDXPropertyModifierAction.m in Sources */ = {isa = PBXBuildFile; fileRef = C914380E13F5E1EE00019EBF /* CDXPropertyModifierAction.m */; };
		C914381313F5E1EE00019EBF /* main.m in Sources */ = {isa = PBXBuildFile; fileRef = C914381213F5E1EE00019EBF /* main.m */; };
		C914381613F5E1EE00019EBF /* AppDelegate.m in Sources */ = {isa = PBXBuildFile; fileRef = C914381513F5E1EE00019EBF /* AppDelegate.m */; };
		C914381913F5E1EE00019EBF /* SRLayerMainMenu.m in Sources */ = {isa = PBXBuildFile; fileRef = C914381813F5E1EE00019EBF /* SRLayerMainMenu.m */; };
		C93BB7EF13F98020005A403A /* SRLayerTileTest.m in Sources */ = {isa = PBXBuildFile; fileRef = C93BB7EE13F98020005A403A /* SRLayerTileTest.m */; };
		C93BB7FA13F9853C005A403A /* DefaultTileset.tmx in Resources */ = {isa = PBXBuildFile; fileRef = C93BB7F813F9853C005A403A /* DefaultTileset.tmx */; };
		C93BB7FB13F9853C005A403A /* tilesheet.png in Resources */ = {isa = PBXBuildFile; fileRef = C93BB7F913F9853C005A403A /* tilesheet.png */; };
/* End PBXBuildFile section */

/* Begin PBXFileReference section */
		C91436E513F5E1EC00019EBF /* SpaceRoguelike.app */ = {isa = PBXFileReference; explicitFileType = wrapper.application; includeInIndex = 0; path = SpaceRoguelike.app; sourceTree = BUILT_PRODUCTS_DIR; };
		C91436E913F5E1EC00019EBF /* QuartzCore.framework */ = {isa = PBXFileReference; lastKnownFileType = wrapper.framework; name = QuartzCore.framework; path = System/Library/Frameworks/QuartzCore.framework; sourceTree = SDKROOT; };
		C91436EB13F5E1EC00019EBF /* OpenGL.framework */ = {isa = PBXFileReference; lastKnownFileType = wrapper.framework; name = OpenGL.framework; path = System/Library/Frameworks/OpenGL.framework; sourceTree = SDKROOT; };
		C91436ED13F5E1EC00019EBF /* OpenAL.framework */ = {isa = PBXFileReference; lastKnownFileType = wrapper.framework; name = OpenAL.framework; path = System/Library/Frameworks/OpenAL.framework; sourceTree = SDKROOT; };
		C91436EF13F5E1EC00019EBF /* AudioToolbox.framework */ = {isa = PBXFileReference; lastKnownFileType = wrapper.framework; name = AudioToolbox.framework; path = System/Library/Frameworks/AudioToolbox.framework; sourceTree = SDKROOT; };
		C91436F113F5E1EC00019EBF /* AppKit.framework */ = {isa = PBXFileReference; lastKnownFileType = wrapper.framework; name = AppKit.framework; path = System/Library/Frameworks/AppKit.framework; sourceTree = SDKROOT; };
		C91436F313F5E1EC00019EBF /* Foundation.framework */ = {isa = PBXFileReference; lastKnownFileType = wrapper.framework; name = Foundation.framework; path = System/Library/Frameworks/Foundation.framework; sourceTree = SDKROOT; };
		C91436F913F5E1EC00019EBF /* English */ = {isa = PBXFileReference; lastKnownFileType = text.plist.strings; name = English; path = Resources/English.lproj/InfoPlist.strings; sourceTree = "<group>"; };
		C91436FC13F5E1EC00019EBF /* English */ = {isa = PBXFileReference; lastKnownFileType = file.xib; name = English; path = Resources/English.lproj/MainMenu.xib; sourceTree = "<group>"; };
		C91436FE13F5E1EC00019EBF /* fps_images.png */ = {isa = PBXFileReference; lastKnownFileType = image.png; name = fps_images.png; path = Resources/fps_images.png; sourceTree = "<group>"; };
		C914370013F5E1EC00019EBF /* icon.icns */ = {isa = PBXFileReference; lastKnownFileType = image.icns; name = icon.icns; path = Resources/icon.icns; sourceTree = "<group>"; };
		C914370213F5E1EC00019EBF /* Info.plist */ = {isa = PBXFileReference; lastKnownFileType = text.plist.xml; name = Info.plist; path = Resources/Info.plist; sourceTree = "<group>"; };
		C914370513F5E1EC00019EBF /* CCAction.h */ = {isa = PBXFileReference; lastKnownFileType = sourcecode.c.h; name = CCAction.h; path = libs/cocos2d/CCAction.h; sourceTree = "<group>"; };
		C914370613F5E1EC00019EBF /* CCAction.m */ = {isa = PBXFileReference; lastKnownFileType = sourcecode.c.objc; name = CCAction.m; path = libs/cocos2d/CCAction.m; sourceTree = "<group>"; };
		C914370813F5E1EC00019EBF /* CCActionCamera.h */ = {isa = PBXFileReference; lastKnownFileType = sourcecode.c.h; name = CCActionCamera.h; path = libs/cocos2d/CCActionCamera.h; sourceTree = "<group>"; };
		C914370913F5E1EC00019EBF /* CCActionCamera.m */ = {isa = PBXFileReference; lastKnownFileType = sourcecode.c.objc; name = CCActionCamera.m; path = libs/cocos2d/CCActionCamera.m; sourceTree = "<group>"; };
		C914370B13F5E1EC00019EBF /* CCActionEase.h */ = {isa = PBXFileReference; lastKnownFileType = sourcecode.c.h; name = CCActionEase.h; path = libs/cocos2d/CCActionEase.h; sourceTree = "<group>"; };
		C914370C13F5E1EC00019EBF /* CCActionEase.m */ = {isa = PBXFileReference; lastKnownFileType = sourcecode.c.objc; name = CCActionEase.m; path = libs/cocos2d/CCActionEase.m; sourceTree = "<group>"; };
		C914370E13F5E1EC00019EBF /* CCActionGrid.h */ = {isa = PBXFileReference; lastKnownFileType = sourcecode.c.h; name = CCActionGrid.h; path = libs/cocos2d/CCActionGrid.h; sourceTree = "<group>"; };
		C914370F13F5E1EC00019EBF /* CCActionGrid.m */ = {isa = PBXFileReference; lastKnownFileType = sourcecode.c.objc; name = CCActionGrid.m; path = libs/cocos2d/CCActionGrid.m; sourceTree = "<group>"; };
		C914371113F5E1ED00019EBF /* CCActionGrid3D.h */ = {isa = PBXFileReference; lastKnownFileType = sourcecode.c.h; name = CCActionGrid3D.h; path = libs/cocos2d/CCActionGrid3D.h; sourceTree = "<group>"; };
		C914371213F5E1ED00019EBF /* CCActionGrid3D.m */ = {isa = PBXFileReference; lastKnownFileType = sourcecode.c.objc; name = CCActionGrid3D.m; path = libs/cocos2d/CCActionGrid3D.m; sourceTree = "<group>"; };
		C914371413F5E1ED00019EBF /* CCActionInstant.h */ = {isa = PBXFileReference; lastKnownFileType = sourcecode.c.h; name = CCActionInstant.h; path = libs/cocos2d/CCActionInstant.h; sourceTree = "<group>"; };
		C914371513F5E1ED00019EBF /* CCActionInstant.m */ = {isa = PBXFileReference; lastKnownFileType = sourcecode.c.objc; name = CCActionInstant.m; path = libs/cocos2d/CCActionInstant.m; sourceTree = "<group>"; };
		C914371713F5E1ED00019EBF /* CCActionInterval.h */ = {isa = PBXFileReference; lastKnownFileType = sourcecode.c.h; name = CCActionInterval.h; path = libs/cocos2d/CCActionInterval.h; sourceTree = "<group>"; };
		C914371813F5E1ED00019EBF /* CCActionInterval.m */ = {isa = PBXFileReference; lastKnownFileType = sourcecode.c.objc; name = CCActionInterval.m; path = libs/cocos2d/CCActionInterval.m; sourceTree = "<group>"; };
		C914371A13F5E1ED00019EBF /* CCActionManager.h */ = {isa = PBXFileReference; lastKnownFileType = sourcecode.c.h; name = CCActionManager.h; path = libs/cocos2d/CCActionManager.h; sourceTree = "<group>"; };
		C914371B13F5E1ED00019EBF /* CCActionManager.m */ = {isa = PBXFileReference; lastKnownFileType = sourcecode.c.objc; name = CCActionManager.m; path = libs/cocos2d/CCActionManager.m; sourceTree = "<group>"; };
		C914371D13F5E1ED00019EBF /* CCActionPageTurn3D.h */ = {isa = PBXFileReference; lastKnownFileType = sourcecode.c.h; name = CCActionPageTurn3D.h; path = libs/cocos2d/CCActionPageTurn3D.h; sourceTree = "<group>"; };
		C914371E13F5E1ED00019EBF /* CCActionPageTurn3D.m */ = {isa = PBXFileReference; lastKnownFileType = sourcecode.c.objc; name = CCActionPageTurn3D.m; path = libs/cocos2d/CCActionPageTurn3D.m; sourceTree = "<group>"; };
		C914372013F5E1ED00019EBF /* CCActionProgressTimer.h */ = {isa = PBXFileReference; lastKnownFileType = sourcecode.c.h; name = CCActionProgressTimer.h; path = libs/cocos2d/CCActionProgressTimer.h; sourceTree = "<group>"; };
		C914372113F5E1ED00019EBF /* CCActionProgressTimer.m */ = {isa = PBXFileReference; lastKnownFileType = sourcecode.c.objc; name = CCActionProgressTimer.m; path = libs/cocos2d/CCActionProgressTimer.m; sourceTree = "<group>"; };
		C914372313F5E1ED00019EBF /* CCActionTiledGrid.h */ = {isa = PBXFileReference; lastKnownFileType = sourcecode.c.h; name = CCActionTiledGrid.h; path = libs/cocos2d/CCActionTiledGrid.h; sourceTree = "<group>"; };
		C914372413F5E1ED00019EBF /* CCActionTiledGrid.m */ = {isa = PBXFileReference; lastKnownFileType = sourcecode.c.objc; name = CCActionTiledGrid.m; path = libs/cocos2d/CCActionTiledGrid.m; sourceTree = "<group>"; };
		C914372613F5E1ED00019EBF /* CCActionTween.h */ = {isa = PBXFileReference; lastKnownFileType = sourcecode.c.h; name = CCActionTween.h; path = libs/cocos2d/CCActionTween.h; sourceTree = "<group>"; };
		C914372713F5E1ED00019EBF /* CCActionTween.m */ = {isa = PBXFileReference; lastKnownFileType = sourcecode.c.objc; name = CCActionTween.m; path = libs/cocos2d/CCActionTween.m; sourceTree = "<group>"; };
		C914372913F5E1ED00019EBF /* CCAnimation.h */ = {isa = PBXFileReference; lastKnownFileType = sourcecode.c.h; name = CCAnimation.h; path = libs/cocos2d/CCAnimation.h; sourceTree = "<group>"; };
		C914372A13F5E1ED00019EBF /* CCAnimation.m */ = {isa = PBXFileReference; lastKnownFileType = sourcecode.c.objc; name = CCAnimation.m; path = libs/cocos2d/CCAnimation.m; sourceTree = "<group>"; };
		C914372C13F5E1ED00019EBF /* CCAnimationCache.h */ = {isa = PBXFileReference; lastKnownFileType = sourcecode.c.h; name = CCAnimationCache.h; path = libs/cocos2d/CCAnimationCache.h; sourceTree = "<group>"; };
		C914372D13F5E1ED00019EBF /* CCAnimationCache.m */ = {isa = PBXFileReference; lastKnownFileType = sourcecode.c.objc; name = CCAnimationCache.m; path = libs/cocos2d/CCAnimationCache.m; sourceTree = "<group>"; };
		C914372F13F5E1ED00019EBF /* CCAtlasNode.h */ = {isa = PBXFileReference; lastKnownFileType = sourcecode.c.h; name = CCAtlasNode.h; path = libs/cocos2d/CCAtlasNode.h; sourceTree = "<group>"; };
		C914373013F5E1ED00019EBF /* CCAtlasNode.m */ = {isa = PBXFileReference; lastKnownFileType = sourcecode.c.objc; name = CCAtlasNode.m; path = libs/cocos2d/CCAtlasNode.m; sourceTree = "<group>"; };
		C914373213F5E1ED00019EBF /* CCBlockSupport.h */ = {isa = PBXFileReference; lastKnownFileType = sourcecode.c.h; name = CCBlockSupport.h; path = libs/cocos2d/CCBlockSupport.h; sourceTree = "<group>"; };
		C914373313F5E1ED00019EBF /* CCBlockSupport.m */ = {isa = PBXFileReference; lastKnownFileType = sourcecode.c.objc; name = CCBlockSupport.m; path = libs/cocos2d/CCBlockSupport.m; sourceTree = "<group>"; };
		C914373513F5E1ED00019EBF /* CCCamera.h */ = {isa = PBXFileReference; lastKnownFileType = sourcecode.c.h; name = CCCamera.h; path = libs/cocos2d/CCCamera.h; sourceTree = "<group>"; };
		C914373613F5E1ED00019EBF /* CCCamera.m */ = {isa = PBXFileReference; lastKnownFileType = sourcecode.c.objc; name = CCCamera.m; path = libs/cocos2d/CCCamera.m; sourceTree = "<group>"; };
		C914373813F5E1ED00019EBF /* ccConfig.h */ = {isa = PBXFileReference; lastKnownFileType = sourcecode.c.h; name = ccConfig.h; path = libs/cocos2d/ccConfig.h; sourceTree = "<group>"; };
		C914373913F5E1ED00019EBF /* CCConfiguration.h */ = {isa = PBXFileReference; lastKnownFileType = sourcecode.c.h; name = CCConfiguration.h; path = libs/cocos2d/CCConfiguration.h; sourceTree = "<group>"; };
		C914373A13F5E1ED00019EBF /* CCConfiguration.m */ = {isa = PBXFileReference; lastKnownFileType = sourcecode.c.objc; name = CCConfiguration.m; path = libs/cocos2d/CCConfiguration.m; sourceTree = "<group>"; };
		C914373C13F5E1ED00019EBF /* CCDirector.h */ = {isa = PBXFileReference; lastKnownFileType = sourcecode.c.h; name = CCDirector.h; path = libs/cocos2d/CCDirector.h; sourceTree = "<group>"; };
		C914373D13F5E1ED00019EBF /* CCDirector.m */ = {isa = PBXFileReference; lastKnownFileType = sourcecode.c.objc; name = CCDirector.m; path = libs/cocos2d/CCDirector.m; sourceTree = "<group>"; };
		C914373F13F5E1ED00019EBF /* CCDrawingPrimitives.h */ = {isa = PBXFileReference; lastKnownFileType = sourcecode.c.h; name = CCDrawingPrimitives.h; path = libs/cocos2d/CCDrawingPrimitives.h; sourceTree = "<group>"; };
		C914374013F5E1ED00019EBF /* CCDrawingPrimitives.m */ = {isa = PBXFileReference; lastKnownFileType = sourcecode.c.objc; name = CCDrawingPrimitives.m; path = libs/cocos2d/CCDrawingPrimitives.m; sourceTree = "<group>"; };
		C914374213F5E1ED00019EBF /* CCGrabber.h */ = {isa = PBXFileReference; lastKnownFileType = sourcecode.c.h; name = CCGrabber.h; path = libs/cocos2d/CCGrabber.h; sourceTree = "<group>"; };
		C914374313F5E1ED00019EBF /* CCGrabber.m */ = {isa = PBXFileReference; lastKnownFileType = sourcecode.c.objc; name = CCGrabber.m; path = libs/cocos2d/CCGrabber.m; sourceTree = "<group>"; };
		C914374513F5E1ED00019EBF /* CCGrid.h */ = {isa = PBXFileReference; lastKnownFileType = sourcecode.c.h; name = CCGrid.h; path = libs/cocos2d/CCGrid.h; sourceTree = "<group>"; };
		C914374613F5E1ED00019EBF /* CCGrid.m */ = {isa = PBXFileReference; lastKnownFileType = sourcecode.c.objc; name = CCGrid.m; path = libs/cocos2d/CCGrid.m; sourceTree = "<group>"; };
		C914374813F5E1ED00019EBF /* CCLabelAtlas.h */ = {isa = PBXFileReference; lastKnownFileType = sourcecode.c.h; name = CCLabelAtlas.h; path = libs/cocos2d/CCLabelAtlas.h; sourceTree = "<group>"; };
		C914374913F5E1ED00019EBF /* CCLabelAtlas.m */ = {isa = PBXFileReference; lastKnownFileType = sourcecode.c.objc; name = CCLabelAtlas.m; path = libs/cocos2d/CCLabelAtlas.m; sourceTree = "<group>"; };
		C914374B13F5E1ED00019EBF /* CCLabelBMFont.h */ = {isa = PBXFileReference; lastKnownFileType = sourcecode.c.h; name = CCLabelBMFont.h; path = libs/cocos2d/CCLabelBMFont.h; sourceTree = "<group>"; };
		C914374C13F5E1ED00019EBF /* CCLabelBMFont.m */ = {isa = PBXFileReference; lastKnownFileType = sourcecode.c.objc; name = CCLabelBMFont.m; path = libs/cocos2d/CCLabelBMFont.m; sourceTree = "<group>"; };
		C914374E13F5E1ED00019EBF /* CCLabelTTF.h */ = {isa = PBXFileReference; lastKnownFileType = sourcecode.c.h; name = CCLabelTTF.h; path = libs/cocos2d/CCLabelTTF.h; sourceTree = "<group>"; };
		C914374F13F5E1ED00019EBF /* CCLabelTTF.m */ = {isa = PBXFileReference; lastKnownFileType = sourcecode.c.objc; name = CCLabelTTF.m; path = libs/cocos2d/CCLabelTTF.m; sourceTree = "<group>"; };
		C914375113F5E1ED00019EBF /* CCLayer.h */ = {isa = PBXFileReference; lastKnownFileType = sourcecode.c.h; name = CCLayer.h; path = libs/cocos2d/CCLayer.h; sourceTree = "<group>"; };
		C914375213F5E1ED00019EBF /* CCLayer.m */ = {isa = PBXFileReference; lastKnownFileType = sourcecode.c.objc; name = CCLayer.m; path = libs/cocos2d/CCLayer.m; sourceTree = "<group>"; };
		C914375413F5E1ED00019EBF /* ccMacros.h */ = {isa = PBXFileReference; lastKnownFileType = sourcecode.c.h; name = ccMacros.h; path = libs/cocos2d/ccMacros.h; sourceTree = "<group>"; };
		C914375513F5E1ED00019EBF /* CCMenu.h */ = {isa = PBXFileReference; lastKnownFileType = sourcecode.c.h; name = CCMenu.h; path = libs/cocos2d/CCMenu.h; sourceTree = "<group>"; };
		C914375613F5E1ED00019EBF /* CCMenu.m */ = {isa = PBXFileReference; lastKnownFileType = sourcecode.c.objc; name = CCMenu.m; path = libs/cocos2d/CCMenu.m; sourceTree = "<group>"; };
		C914375813F5E1ED00019EBF /* CCMenuItem.h */ = {isa = PBXFileReference; lastKnownFileType = sourcecode.c.h; name = CCMenuItem.h; path = libs/cocos2d/CCMenuItem.h; sourceTree = "<group>"; };
		C914375913F5E1ED00019EBF /* CCMenuItem.m */ = {isa = PBXFileReference; lastKnownFileType = sourcecode.c.objc; name = CCMenuItem.m; path = libs/cocos2d/CCMenuItem.m; sourceTree = "<group>"; };
		C914375B13F5E1ED00019EBF /* CCMotionStreak.h */ = {isa = PBXFileReference; lastKnownFileType = sourcecode.c.h; name = CCMotionStreak.h; path = libs/cocos2d/CCMotionStreak.h; sourceTree = "<group>"; };
		C914375C13F5E1ED00019EBF /* CCMotionStreak.m */ = {isa = PBXFileReference; lastKnownFileType = sourcecode.c.objc; name = CCMotionStreak.m; path = libs/cocos2d/CCMotionStreak.m; sourceTree = "<group>"; };
		C914375E13F5E1ED00019EBF /* CCNode.h */ = {isa = PBXFileReference; lastKnownFileType = sourcecode.c.h; name = CCNode.h; path = libs/cocos2d/CCNode.h; sourceTree = "<group>"; };
		C914375F13F5E1ED00019EBF /* CCNode.m */ = {isa = PBXFileReference; lastKnownFileType = sourcecode.c.objc; name = CCNode.m; path = libs/cocos2d/CCNode.m; sourceTree = "<group>"; };
		C914376113F5E1ED00019EBF /* CCParallaxNode.h */ = {isa = PBXFileReference; lastKnownFileType = sourcecode.c.h; name = CCParallaxNode.h; path = libs/cocos2d/CCParallaxNode.h; sourceTree = "<group>"; };
		C914376213F5E1ED00019EBF /* CCParallaxNode.m */ = {isa = PBXFileReference; lastKnownFileType = sourcecode.c.objc; name = CCParallaxNode.m; path = libs/cocos2d/CCParallaxNode.m; sourceTree = "<group>"; };
		C914376413F5E1ED00019EBF /* CCParticleExamples.h */ = {isa = PBXFileReference; lastKnownFileType = sourcecode.c.h; name = CCParticleExamples.h; path = libs/cocos2d/CCParticleExamples.h; sourceTree = "<group>"; };
		C914376513F5E1ED00019EBF /* CCParticleExamples.m */ = {isa = PBXFileReference; lastKnownFileType = sourcecode.c.objc; name = CCParticleExamples.m; path = libs/cocos2d/CCParticleExamples.m; sourceTree = "<group>"; };
		C914376713F5E1ED00019EBF /* CCParticleSystem.h */ = {isa = PBXFileReference; lastKnownFileType = sourcecode.c.h; name = CCParticleSystem.h; path = libs/cocos2d/CCParticleSystem.h; sourceTree = "<group>"; };
		C914376813F5E1ED00019EBF /* CCParticleSystem.m */ = {isa = PBXFileReference; lastKnownFileType = sourcecode.c.objc; name = CCParticleSystem.m; path = libs/cocos2d/CCParticleSystem.m; sourceTree = "<group>"; };
		C914376A13F5E1ED00019EBF /* CCParticleSystemPoint.h */ = {isa = PBXFileReference; lastKnownFileType = sourcecode.c.h; name = CCParticleSystemPoint.h; path = libs/cocos2d/CCParticleSystemPoint.h; sourceTree = "<group>"; };
		C914376B13F5E1ED00019EBF /* CCParticleSystemPoint.m */ = {isa = PBXFileReference; lastKnownFileType = sourcecode.c.objc; name = CCParticleSystemPoint.m; path = libs/cocos2d/CCParticleSystemPoint.m; sourceTree = "<group>"; };
		C914376D13F5E1ED00019EBF /* CCParticleSystemQuad.h */ = {isa = PBXFileReference; lastKnownFileType = sourcecode.c.h; name = CCParticleSystemQuad.h; path = libs/cocos2d/CCParticleSystemQuad.h; sourceTree = "<group>"; };
		C914376E13F5E1ED00019EBF /* CCParticleSystemQuad.m */ = {isa = PBXFileReference; lastKnownFileType = sourcecode.c.objc; name = CCParticleSystemQuad.m; path = libs/cocos2d/CCParticleSystemQuad.m; sourceTree = "<group>"; };
		C914377013F5E1ED00019EBF /* CCProgressTimer.h */ = {isa = PBXFileReference; lastKnownFileType = sourcecode.c.h; name = CCProgressTimer.h; path = libs/cocos2d/CCProgressTimer.h; sourceTree = "<group>"; };
		C914377113F5E1ED00019EBF /* CCProgressTimer.m */ = {isa = PBXFileReference; lastKnownFileType = sourcecode.c.objc; name = CCProgressTimer.m; path = libs/cocos2d/CCProgressTimer.m; sourceTree = "<group>"; };
		C914377313F5E1ED00019EBF /* CCProtocols.h */ = {isa = PBXFileReference; lastKnownFileType = sourcecode.c.h; name = CCProtocols.h; path = libs/cocos2d/CCProtocols.h; sourceTree = "<group>"; };
		C914377413F5E1ED00019EBF /* CCRenderTexture.h */ = {isa = PBXFileReference; lastKnownFileType = sourcecode.c.h; name = CCRenderTexture.h; path = libs/cocos2d/CCRenderTexture.h; sourceTree = "<group>"; };
		C914377513F5E1ED00019EBF /* CCRenderTexture.m */ = {isa = PBXFileReference; lastKnownFileType = sourcecode.c.objc; name = CCRenderTexture.m; path = libs/cocos2d/CCRenderTexture.m; sourceTree = "<group>"; };
		C914377713F5E1ED00019EBF /* CCRibbon.h */ = {isa = PBXFileReference; lastKnownFileType = sourcecode.c.h; name = CCRibbon.h; path = libs/cocos2d/CCRibbon.h; sourceTree = "<group>"; };
		C914377813F5E1ED00019EBF /* CCRibbon.m */ = {isa = PBXFileReference; lastKnownFileType = sourcecode.c.objc; name = CCRibbon.m; path = libs/cocos2d/CCRibbon.m; sourceTree = "<group>"; };
		C914377A13F5E1ED00019EBF /* CCScene.h */ = {isa = PBXFileReference; lastKnownFileType = sourcecode.c.h; name = CCScene.h; path = libs/cocos2d/CCScene.h; sourceTree = "<group>"; };
		C914377B13F5E1ED00019EBF /* CCScene.m */ = {isa = PBXFileReference; lastKnownFileType = sourcecode.c.objc; name = CCScene.m; path = libs/cocos2d/CCScene.m; sourceTree = "<group>"; };
		C914377D13F5E1ED00019EBF /* CCScheduler.h */ = {isa = PBXFileReference; lastKnownFileType = sourcecode.c.h; name = CCScheduler.h; path = libs/cocos2d/CCScheduler.h; sourceTree = "<group>"; };
		C914377E13F5E1ED00019EBF /* CCScheduler.m */ = {isa = PBXFileReference; lastKnownFileType = sourcecode.c.objc; name = CCScheduler.m; path = libs/cocos2d/CCScheduler.m; sourceTree = "<group>"; };
		C914378013F5E1ED00019EBF /* CCSprite.h */ = {isa = PBXFileReference; lastKnownFileType = sourcecode.c.h; name = CCSprite.h; path = libs/cocos2d/CCSprite.h; sourceTree = "<group>"; };
		C914378113F5E1ED00019EBF /* CCSprite.m */ = {isa = PBXFileReference; lastKnownFileType = sourcecode.c.objc; name = CCSprite.m; path = libs/cocos2d/CCSprite.m; sourceTree = "<group>"; };
		C914378313F5E1ED00019EBF /* CCSpriteBatchNode.h */ = {isa = PBXFileReference; lastKnownFileType = sourcecode.c.h; name = CCSpriteBatchNode.h; path = libs/cocos2d/CCSpriteBatchNode.h; sourceTree = "<group>"; };
		C914378413F5E1ED00019EBF /* CCSpriteBatchNode.m */ = {isa = PBXFileReference; lastKnownFileType = sourcecode.c.objc; name = CCSpriteBatchNode.m; path = libs/cocos2d/CCSpriteBatchNode.m; sourceTree = "<group>"; };
		C914378613F5E1ED00019EBF /* CCSpriteFrame.h */ = {isa = PBXFileReference; lastKnownFileType = sourcecode.c.h; name = CCSpriteFrame.h; path = libs/cocos2d/CCSpriteFrame.h; sourceTree = "<group>"; };
		C914378713F5E1ED00019EBF /* CCSpriteFrame.m */ = {isa = PBXFileReference; lastKnownFileType = sourcecode.c.objc; name = CCSpriteFrame.m; path = libs/cocos2d/CCSpriteFrame.m; sourceTree = "<group>"; };
		C914378913F5E1ED00019EBF /* CCSpriteFrameCache.h */ = {isa = PBXFileReference; lastKnownFileType = sourcecode.c.h; name = CCSpriteFrameCache.h; path = libs/cocos2d/CCSpriteFrameCache.h; sourceTree = "<group>"; };
		C914378A13F5E1ED00019EBF /* CCSpriteFrameCache.m */ = {isa = PBXFileReference; lastKnownFileType = sourcecode.c.objc; name = CCSpriteFrameCache.m; path = libs/cocos2d/CCSpriteFrameCache.m; sourceTree = "<group>"; };
		C914378C13F5E1ED00019EBF /* CCTexture2D.h */ = {isa = PBXFileReference; lastKnownFileType = sourcecode.c.h; name = CCTexture2D.h; path = libs/cocos2d/CCTexture2D.h; sourceTree = "<group>"; };
		C914378D13F5E1ED00019EBF /* CCTexture2D.m */ = {isa = PBXFileReference; lastKnownFileType = sourcecode.c.objc; name = CCTexture2D.m; path = libs/cocos2d/CCTexture2D.m; sourceTree = "<group>"; };
		C914378F13F5E1ED00019EBF /* CCTextureAtlas.h */ = {isa = PBXFileReference; lastKnownFileType = sourcecode.c.h; name = CCTextureAtlas.h; path = libs/cocos2d/CCTextureAtlas.h; sourceTree = "<group>"; };
		C914379013F5E1ED00019EBF /* CCTextureAtlas.m */ = {isa = PBXFileReference; lastKnownFileType = sourcecode.c.objc; name = CCTextureAtlas.m; path = libs/cocos2d/CCTextureAtlas.m; sourceTree = "<group>"; };
		C914379213F5E1ED00019EBF /* CCTextureCache.h */ = {isa = PBXFileReference; lastKnownFileType = sourcecode.c.h; name = CCTextureCache.h; path = libs/cocos2d/CCTextureCache.h; sourceTree = "<group>"; };
		C914379313F5E1EE00019EBF /* CCTextureCache.m */ = {isa = PBXFileReference; lastKnownFileType = sourcecode.c.objc; name = CCTextureCache.m; path = libs/cocos2d/CCTextureCache.m; sourceTree = "<group>"; };
		C914379513F5E1EE00019EBF /* CCTexturePVR.h */ = {isa = PBXFileReference; lastKnownFileType = sourcecode.c.h; name = CCTexturePVR.h; path = libs/cocos2d/CCTexturePVR.h; sourceTree = "<group>"; };
		C914379613F5E1EE00019EBF /* CCTexturePVR.m */ = {isa = PBXFileReference; lastKnownFileType = sourcecode.c.objc; name = CCTexturePVR.m; path = libs/cocos2d/CCTexturePVR.m; sourceTree = "<group>"; };
		C914379813F5E1EE00019EBF /* CCTileMapAtlas.h */ = {isa = PBXFileReference; lastKnownFileType = sourcecode.c.h; name = CCTileMapAtlas.h; path = libs/cocos2d/CCTileMapAtlas.h; sourceTree = "<group>"; };
		C914379913F5E1EE00019EBF /* CCTileMapAtlas.m */ = {isa = PBXFileReference; lastKnownFileType = sourcecode.c.objc; name = CCTileMapAtlas.m; path = libs/cocos2d/CCTileMapAtlas.m; sourceTree = "<group>"; };
		C914379B13F5E1EE00019EBF /* CCTMXLayer.h */ = {isa = PBXFileReference; lastKnownFileType = sourcecode.c.h; name = CCTMXLayer.h; path = libs/cocos2d/CCTMXLayer.h; sourceTree = "<group>"; };
		C914379C13F5E1EE00019EBF /* CCTMXLayer.m */ = {isa = PBXFileReference; lastKnownFileType = sourcecode.c.objc; name = CCTMXLayer.m; path = libs/cocos2d/CCTMXLayer.m; sourceTree = "<group>"; };
		C914379E13F5E1EE00019EBF /* CCTMXObjectGroup.h */ = {isa = PBXFileReference; lastKnownFileType = sourcecode.c.h; name = CCTMXObjectGroup.h; path = libs/cocos2d/CCTMXObjectGroup.h; sourceTree = "<group>"; };
		C914379F13F5E1EE00019EBF /* CCTMXObjectGroup.m */ = {isa = PBXFileReference; lastKnownFileType = sourcecode.c.objc; name = CCTMXObjectGroup.m; path = libs/cocos2d/CCTMXObjectGroup.m; sourceTree = "<group>"; };
		C91437A113F5E1EE00019EBF /* CCTMXTiledMap.h */ = {isa = PBXFileReference; lastKnownFileType = sourcecode.c.h; name = CCTMXTiledMap.h; path = libs/cocos2d/CCTMXTiledMap.h; sourceTree = "<group>"; };
		C91437A213F5E1EE00019EBF /* CCTMXTiledMap.m */ = {isa = PBXFileReference; lastKnownFileType = sourcecode.c.objc; name = CCTMXTiledMap.m; path = libs/cocos2d/CCTMXTiledMap.m; sourceTree = "<group>"; };
		C91437A413F5E1EE00019EBF /* CCTMXXMLParser.h */ = {isa = PBXFileReference; lastKnownFileType = sourcecode.c.h; name = CCTMXXMLParser.h; path = libs/cocos2d/CCTMXXMLParser.h; sourceTree = "<group>"; };
		C91437A513F5E1EE00019EBF /* CCTMXXMLParser.m */ = {isa = PBXFileReference; lastKnownFileType = sourcecode.c.objc; name = CCTMXXMLParser.m; path = libs/cocos2d/CCTMXXMLParser.m; sourceTree = "<group>"; };
		C91437A713F5E1EE00019EBF /* CCTransition.h */ = {isa = PBXFileReference; lastKnownFileType = sourcecode.c.h; name = CCTransition.h; path = libs/cocos2d/CCTransition.h; sourceTree = "<group>"; };
		C91437A813F5E1EE00019EBF /* CCTransition.m */ = {isa = PBXFileReference; lastKnownFileType = sourcecode.c.objc; name = CCTransition.m; path = libs/cocos2d/CCTransition.m; sourceTree = "<group>"; };
		C91437AA13F5E1EE00019EBF /* CCTransitionPageTurn.h */ = {isa = PBXFileReference; lastKnownFileType = sourcecode.c.h; name = CCTransitionPageTurn.h; path = libs/cocos2d/CCTransitionPageTurn.h; sourceTree = "<group>"; };
		C91437AB13F5E1EE00019EBF /* CCTransitionPageTurn.m */ = {isa = PBXFileReference; lastKnownFileType = sourcecode.c.objc; name = CCTransitionPageTurn.m; path = libs/cocos2d/CCTransitionPageTurn.m; sourceTree = "<group>"; };
		C91437AD13F5E1EE00019EBF /* CCTransitionRadial.h */ = {isa = PBXFileReference; lastKnownFileType = sourcecode.c.h; name = CCTransitionRadial.h; path = libs/cocos2d/CCTransitionRadial.h; sourceTree = "<group>"; };
		C91437AE13F5E1EE00019EBF /* CCTransitionRadial.m */ = {isa = PBXFileReference; lastKnownFileType = sourcecode.c.objc; name = CCTransitionRadial.m; path = libs/cocos2d/CCTransitionRadial.m; sourceTree = "<group>"; };
		C91437B013F5E1EE00019EBF /* ccTypes.h */ = {isa = PBXFileReference; lastKnownFileType = sourcecode.c.h; name = ccTypes.h; path = libs/cocos2d/ccTypes.h; sourceTree = "<group>"; };
		C91437B113F5E1EE00019EBF /* cocos2d.h */ = {isa = PBXFileReference; lastKnownFileType = sourcecode.c.h; name = cocos2d.h; path = libs/cocos2d/cocos2d.h; sourceTree = "<group>"; };
		C91437B213F5E1EE00019EBF /* cocos2d.m */ = {isa = PBXFileReference; lastKnownFileType = sourcecode.c.objc; name = cocos2d.m; path = libs/cocos2d/cocos2d.m; sourceTree = "<group>"; };
		C91437B513F5E1EE00019EBF /* CCGL.h */ = {isa = PBXFileReference; lastKnownFileType = sourcecode.c.h; name = CCGL.h; path = libs/cocos2d/Platforms/CCGL.h; sourceTree = "<group>"; };
		C91437B613F5E1EE00019EBF /* CCNS.h */ = {isa = PBXFileReference; lastKnownFileType = sourcecode.c.h; name = CCNS.h; path = libs/cocos2d/Platforms/CCNS.h; sourceTree = "<group>"; };
		C91437B813F5E1EE00019EBF /* CCDirectorIOS.h */ = {isa = PBXFileReference; lastKnownFileType = sourcecode.c.h; name = CCDirectorIOS.h; path = libs/cocos2d/Platforms/iOS/CCDirectorIOS.h; sourceTree = "<group>"; };
		C91437B913F5E1EE00019EBF /* CCDirectorIOS.m */ = {isa = PBXFileReference; lastKnownFileType = sourcecode.c.objc; name = CCDirectorIOS.m; path = libs/cocos2d/Platforms/iOS/CCDirectorIOS.m; sourceTree = "<group>"; };
		C91437BB13F5E1EE00019EBF /* CCTouchDelegateProtocol.h */ = {isa = PBXFileReference; lastKnownFileType = sourcecode.c.h; name = CCTouchDelegateProtocol.h; path = libs/cocos2d/Platforms/iOS/CCTouchDelegateProtocol.h; sourceTree = "<group>"; };
		C91437BC13F5E1EE00019EBF /* CCTouchDispatcher.h */ = {isa = PBXFileReference; lastKnownFileType = sourcecode.c.h; name = CCTouchDispatcher.h; path = libs/cocos2d/Platforms/iOS/CCTouchDispatcher.h; sourceTree = "<group>"; };
		C91437BD13F5E1EE00019EBF /* CCTouchDispatcher.m */ = {isa = PBXFileReference; lastKnownFileType = sourcecode.c.objc; name = CCTouchDispatcher.m; path = libs/cocos2d/Platforms/iOS/CCTouchDispatcher.m; sourceTree = "<group>"; };
		C91437BF13F5E1EE00019EBF /* CCTouchHandler.h */ = {isa = PBXFileReference; lastKnownFileType = sourcecode.c.h; name = CCTouchHandler.h; path = libs/cocos2d/Platforms/iOS/CCTouchHandler.h; sourceTree = "<group>"; };
		C91437C013F5E1EE00019EBF /* CCTouchHandler.m */ = {isa = PBXFileReference; lastKnownFileType = sourcecode.c.objc; name = CCTouchHandler.m; path = libs/cocos2d/Platforms/iOS/CCTouchHandler.m; sourceTree = "<group>"; };
		C91437C213F5E1EE00019EBF /* EAGLView.h */ = {isa = PBXFileReference; lastKnownFileType = sourcecode.c.h; name = EAGLView.h; path = libs/cocos2d/Platforms/iOS/EAGLView.h; sourceTree = "<group>"; };
		C91437C313F5E1EE00019EBF /* EAGLView.m */ = {isa = PBXFileReference; lastKnownFileType = sourcecode.c.objc; name = EAGLView.m; path = libs/cocos2d/Platforms/iOS/EAGLView.m; sourceTree = "<group>"; };
		C91437C513F5E1EE00019EBF /* ES1Renderer.h */ = {isa = PBXFileReference; lastKnownFileType = sourcecode.c.h; name = ES1Renderer.h; path = libs/cocos2d/Platforms/iOS/ES1Renderer.h; sourceTree = "<group>"; };
		C91437C613F5E1EE00019EBF /* ES1Renderer.m */ = {isa = PBXFileReference; lastKnownFileType = sourcecode.c.objc; name = ES1Renderer.m; path = libs/cocos2d/Platforms/iOS/ES1Renderer.m; sourceTree = "<group>"; };
		C91437C813F5E1EE00019EBF /* ESRenderer.h */ = {isa = PBXFileReference; lastKnownFileType = sourcecode.c.h; name = ESRenderer.h; path = libs/cocos2d/Platforms/iOS/ESRenderer.h; sourceTree = "<group>"; };
		C91437C913F5E1EE00019EBF /* glu.c */ = {isa = PBXFileReference; lastKnownFileType = sourcecode.c.c; name = glu.c; path = libs/cocos2d/Platforms/iOS/glu.c; sourceTree = "<group>"; };
		C91437CB13F5E1EE00019EBF /* glu.h */ = {isa = PBXFileReference; lastKnownFileType = sourcecode.c.h; name = glu.h; path = libs/cocos2d/Platforms/iOS/glu.h; sourceTree = "<group>"; };
		C91437CD13F5E1EE00019EBF /* CCDirectorMac.h */ = {isa = PBXFileReference; lastKnownFileType = sourcecode.c.h; name = CCDirectorMac.h; path = libs/cocos2d/Platforms/Mac/CCDirectorMac.h; sourceTree = "<group>"; };
		C91437CE13F5E1EE00019EBF /* CCDirectorMac.m */ = {isa = PBXFileReference; lastKnownFileType = sourcecode.c.objc; name = CCDirectorMac.m; path = libs/cocos2d/Platforms/Mac/CCDirectorMac.m; sourceTree = "<group>"; };
		C91437D013F5E1EE00019EBF /* CCEventDispatcher.h */ = {isa = PBXFileReference; lastKnownFileType = sourcecode.c.h; name = CCEventDispatcher.h; path = libs/cocos2d/Platforms/Mac/CCEventDispatcher.h; sourceTree = "<group>"; };
		C91437D113F5E1EE00019EBF /* CCEventDispatcher.m */ = {isa = PBXFileReference; lastKnownFileType = sourcecode.c.objc; name = CCEventDispatcher.m; path = libs/cocos2d/Platforms/Mac/CCEventDispatcher.m; sourceTree = "<group>"; };
		C91437D313F5E1EE00019EBF /* MacGLView.h */ = {isa = PBXFileReference; lastKnownFileType = sourcecode.c.h; name = MacGLView.h; path = libs/cocos2d/Platforms/Mac/MacGLView.h; sourceTree = "<group>"; };
		C91437D413F5E1EE00019EBF /* MacGLView.m */ = {isa = PBXFileReference; lastKnownFileType = sourcecode.c.objc; name = MacGLView.m; path = libs/cocos2d/Platforms/Mac/MacGLView.m; sourceTree = "<group>"; };
		C91437D613F5E1EE00019EBF /* MacWindow.h */ = {isa = PBXFileReference; lastKnownFileType = sourcecode.c.h; name = MacWindow.h; path = libs/cocos2d/Platforms/Mac/MacWindow.h; sourceTree = "<group>"; };
		C91437D713F5E1EE00019EBF /* MacWindow.m */ = {isa = PBXFileReference; lastKnownFileType = sourcecode.c.objc; name = MacWindow.m; path = libs/cocos2d/Platforms/Mac/MacWindow.m; sourceTree = "<group>"; };
		C91437DA13F5E1EE00019EBF /* base64.c */ = {isa = PBXFileReference; lastKnownFileType = sourcecode.c.c; name = base64.c; path = libs/cocos2d/Support/base64.c; sourceTree = "<group>"; };
		C91437DC13F5E1EE00019EBF /* base64.h */ = {isa = PBXFileReference; lastKnownFileType = sourcecode.c.h; name = base64.h; path = libs/cocos2d/Support/base64.h; sourceTree = "<group>"; };
		C91437DD13F5E1EE00019EBF /* CCArray.h */ = {isa = PBXFileReference; lastKnownFileType = sourcecode.c.h; name = CCArray.h; path = libs/cocos2d/Support/CCArray.h; sourceTree = "<group>"; };
		C91437DE13F5E1EE00019EBF /* CCArray.m */ = {isa = PBXFileReference; lastKnownFileType = sourcecode.c.objc; name = CCArray.m; path = libs/cocos2d/Support/CCArray.m; sourceTree = "<group>"; };
		C91437E013F5E1EE00019EBF /* ccCArray.h */ = {isa = PBXFileReference; lastKnownFileType = sourcecode.c.h; name = ccCArray.h; path = libs/cocos2d/Support/ccCArray.h; sourceTree = "<group>"; };
		C91437E113F5E1EE00019EBF /* CCFileUtils.h */ = {isa = PBXFileReference; lastKnownFileType = sourcecode.c.h; name = CCFileUtils.h; path = libs/cocos2d/Support/CCFileUtils.h; sourceTree = "<group>"; };
		C91437E213F5E1EE00019EBF /* CCFileUtils.m */ = {isa = PBXFileReference; lastKnownFileType = sourcecode.c.objc; name = CCFileUtils.m; path = libs/cocos2d/Support/CCFileUtils.m; sourceTree = "<group>"; };
		C91437E413F5E1EE00019EBF /* CCProfiling.h */ = {isa = PBXFileReference; lastKnownFileType = sourcecode.c.h; name = CCProfiling.h; path = libs/cocos2d/Support/CCProfiling.h; sourceTree = "<group>"; };
		C91437E513F5E1EE00019EBF /* CCProfiling.m */ = {isa = PBXFileReference; lastKnownFileType = sourcecode.c.objc; name = CCProfiling.m; path = libs/cocos2d/Support/CCProfiling.m; sourceTree = "<group>"; };
		C91437E713F5E1EE00019EBF /* ccUtils.c */ = {isa = PBXFileReference; lastKnownFileType = sourcecode.c.c; name = ccUtils.c; path = libs/cocos2d/Support/ccUtils.c; sourceTree = "<group>"; };
		C91437E913F5E1EE00019EBF /* ccUtils.h */ = {isa = PBXFileReference; lastKnownFileType = sourcecode.c.h; name = ccUtils.h; path = libs/cocos2d/Support/ccUtils.h; sourceTree = "<group>"; };
		C91437EA13F5E1EE00019EBF /* CGPointExtension.h */ = {isa = PBXFileReference; lastKnownFileType = sourcecode.c.h; name = CGPointExtension.h; path = libs/cocos2d/Support/CGPointExtension.h; sourceTree = "<group>"; };
		C91437EB13F5E1EE00019EBF /* CGPointExtension.m */ = {isa = PBXFileReference; lastKnownFileType = sourcecode.c.objc; name = CGPointExtension.m; path = libs/cocos2d/Support/CGPointExtension.m; sourceTree = "<group>"; };
		C91437ED13F5E1EE00019EBF /* OpenGL_Internal.h */ = {isa = PBXFileReference; lastKnownFileType = sourcecode.c.h; name = OpenGL_Internal.h; path = libs/cocos2d/Support/OpenGL_Internal.h; sourceTree = "<group>"; };
		C91437EE13F5E1EE00019EBF /* TGAlib.h */ = {isa = PBXFileReference; lastKnownFileType = sourcecode.c.h; name = TGAlib.h; path = libs/cocos2d/Support/TGAlib.h; sourceTree = "<group>"; };
		C91437EF13F5E1EE00019EBF /* TGAlib.m */ = {isa = PBXFileReference; lastKnownFileType = sourcecode.c.objc; name = TGAlib.m; path = libs/cocos2d/Support/TGAlib.m; sourceTree = "<group>"; };
		C91437F113F5E1EE00019EBF /* TransformUtils.h */ = {isa = PBXFileReference; lastKnownFileType = sourcecode.c.h; name = TransformUtils.h; path = libs/cocos2d/Support/TransformUtils.h; sourceTree = "<group>"; };
		C91437F213F5E1EE00019EBF /* TransformUtils.m */ = {isa = PBXFileReference; lastKnownFileType = sourcecode.c.objc; name = TransformUtils.m; path = libs/cocos2d/Support/TransformUtils.m; sourceTree = "<group>"; };
		C91437F413F5E1EE00019EBF /* uthash.h */ = {isa = PBXFileReference; lastKnownFileType = sourcecode.c.h; name = uthash.h; path = libs/cocos2d/Support/uthash.h; sourceTree = "<group>"; };
		C91437F513F5E1EE00019EBF /* utlist.h */ = {isa = PBXFileReference; lastKnownFileType = sourcecode.c.h; name = utlist.h; path = libs/cocos2d/Support/utlist.h; sourceTree = "<group>"; };
		C91437F613F5E1EE00019EBF /* ZipUtils.h */ = {isa = PBXFileReference; lastKnownFileType = sourcecode.c.h; name = ZipUtils.h; path = libs/cocos2d/Support/ZipUtils.h; sourceTree = "<group>"; };
		C91437F713F5E1EE00019EBF /* ZipUtils.m */ = {isa = PBXFileReference; lastKnownFileType = sourcecode.c.objc; name = ZipUtils.m; path = libs/cocos2d/Support/ZipUtils.m; sourceTree = "<group>"; };
		C91437F913F5E1EE00019EBF /* LICENSE_cocos2d.txt */ = {isa = PBXFileReference; lastKnownFileType = text; name = LICENSE_cocos2d.txt; path = libs/LICENSE_cocos2d.txt; sourceTree = "<group>"; };
		C91437FB13F5E1EE00019EBF /* CDAudioManager.h */ = {isa = PBXFileReference; lastKnownFileType = sourcecode.c.h; name = CDAudioManager.h; path = libs/CocosDenshion/CDAudioManager.h; sourceTree = "<group>"; };
		C91437FC13F5E1EE00019EBF /* CDAudioManager.m */ = {isa = PBXFileReference; lastKnownFileType = sourcecode.c.objc; name = CDAudioManager.m; path = libs/CocosDenshion/CDAudioManager.m; sourceTree = "<group>"; };
		C91437FE13F5E1EE00019EBF /* CDConfig.h */ = {isa = PBXFileReference; lastKnownFileType = sourcecode.c.h; name = CDConfig.h; path = libs/CocosDenshion/CDConfig.h; sourceTree = "<group>"; };
		C91437FF13F5E1EE00019EBF /* CDOpenALSupport.h */ = {isa = PBXFileReference; lastKnownFileType = sourcecode.c.h; name = CDOpenALSupport.h; path = libs/CocosDenshion/CDOpenALSupport.h; sourceTree = "<group>"; };
		C914380013F5E1EE00019EBF /* CDOpenALSupport.m */ = {isa = PBXFileReference; lastKnownFileType = sourcecode.c.objc; name = CDOpenALSupport.m; path = libs/CocosDenshion/CDOpenALSupport.m; sourceTree = "<group>"; };
		C914380213F5E1EE00019EBF /* CocosDenshion.h */ = {isa = PBXFileReference; lastKnownFileType = sourcecode.c.h; name = CocosDenshion.h; path = libs/CocosDenshion/CocosDenshion.h; sourceTree = "<group>"; };
		C914380313F5E1EE00019EBF /* CocosDenshion.m */ = {isa = PBXFileReference; lastKnownFileType = sourcecode.c.objc; name = CocosDenshion.m; path = libs/CocosDenshion/CocosDenshion.m; sourceTree = "<group>"; };
		C914380513F5E1EE00019EBF /* SimpleAudioEngine.h */ = {isa = PBXFileReference; lastKnownFileType = sourcecode.c.h; name = SimpleAudioEngine.h; path = libs/CocosDenshion/SimpleAudioEngine.h; sourceTree = "<group>"; };
		C914380613F5E1EE00019EBF /* SimpleAudioEngine.m */ = {isa = PBXFileReference; lastKnownFileType = sourcecode.c.objc; name = SimpleAudioEngine.m; path = libs/CocosDenshion/SimpleAudioEngine.m; sourceTree = "<group>"; };
		C914380813F5E1EE00019EBF /* LICENSE_CocosDenshion.txt */ = {isa = PBXFileReference; lastKnownFileType = text; name = LICENSE_CocosDenshion.txt; path = libs/LICENSE_CocosDenshion.txt; sourceTree = "<group>"; };
		C914380A13F5E1EE00019EBF /* CDXMacOSXSupport.h */ = {isa = PBXFileReference; lastKnownFileType = sourcecode.c.h; name = CDXMacOSXSupport.h; path = libs/CocosDenshionExtras/CDXMacOSXSupport.h; sourceTree = "<group>"; };
		C914380B13F5E1EE00019EBF /* CDXMacOSXSupport.m */ = {isa = PBXFileReference; lastKnownFileType = sourcecode.c.objc; name = CDXMacOSXSupport.m; path = libs/CocosDenshionExtras/CDXMacOSXSupport.m; sourceTree = "<group>"; };
		C914380D13F5E1EE00019EBF /* CDXPropertyModifierAction.h */ = {isa = PBXFileReference; lastKnownFileType = sourcecode.c.h; name = CDXPropertyModifierAction.h; path = libs/CocosDenshionExtras/CDXPropertyModifierAction.h; sourceTree = "<group>"; };
		C914380E13F5E1EE00019EBF /* CDXPropertyModifierAction.m */ = {isa = PBXFileReference; lastKnownFileType = sourcecode.c.objc; name = CDXPropertyModifierAction.m; path = libs/CocosDenshionExtras/CDXPropertyModifierAction.m; sourceTree = "<group>"; };
		C914381113F5E1EE00019EBF /* Prefix.pch */ = {isa = PBXFileReference; lastKnownFileType = sourcecode.c.h; path = Prefix.pch; sourceTree = "<group>"; };
		C914381213F5E1EE00019EBF /* main.m */ = {isa = PBXFileReference; lastKnownFileType = sourcecode.c.objc; path = main.m; sourceTree = "<group>"; };
		C914381413F5E1EE00019EBF /* AppDelegate.h */ = {isa = PBXFileReference; lastKnownFileType = sourcecode.c.h; path = AppDelegate.h; sourceTree = "<group>"; };
		C914381513F5E1EE00019EBF /* AppDelegate.m */ = {isa = PBXFileReference; lastKnownFileType = sourcecode.c.objc; path = AppDelegate.m; sourceTree = "<group>"; };
		C914381713F5E1EE00019EBF /* SRLayerMainMenu.h */ = {isa = PBXFileReference; lastKnownFileType = sourcecode.c.h; path = SRLayerMainMenu.h; sourceTree = "<group>"; };
		C914381813F5E1EE00019EBF /* SRLayerMainMenu.m */ = {isa = PBXFileReference; lastKnownFileType = sourcecode.c.objc; path = SRLayerMainMenu.m; sourceTree = "<group>"; };
		C914382013F5F48900019EBF /* SpaceRoguelike.h */ = {isa = PBXFileReference; fileEncoding = 4; lastKnownFileType = sourcecode.c.h; path = SpaceRoguelike.h; sourceTree = "<group>"; };
		C93BB7ED13F98020005A403A /* SRLayerTileTest.h */ = {isa = PBXFileReference; fileEncoding = 4; lastKnownFileType = sourcecode.c.h; path = SRLayerTileTest.h; sourceTree = "<group>"; };
		C93BB7EE13F98020005A403A /* SRLayerTileTest.m */ = {isa = PBXFileReference; fileEncoding = 4; lastKnownFileType = sourcecode.c.objc; path = SRLayerTileTest.m; sourceTree = "<group>"; };
		C93BB7F813F9853C005A403A /* DefaultTileset.tmx */ = {isa = PBXFileReference; fileEncoding = 4; lastKnownFileType = text.xml; name = DefaultTileset.tmx; path = Resources/Tiles/DefaultTileset.tmx; sourceTree = "<group>"; };
		C93BB7F913F9853C005A403A /* tilesheet.png */ = {isa = PBXFileReference; lastKnownFileType = image.png; name = tilesheet.png; path = Resources/Tiles/tilesheet.png; sourceTree = "<group>"; };
/* End PBXFileReference section */

/* Begin PBXFrameworksBuildPhase section */
		C91436E213F5E1EC00019EBF /* Frameworks */ = {
			isa = PBXFrameworksBuildPhase;
			buildActionMask = 2147483647;
			files = (
				C91436EA13F5E1EC00019EBF /* QuartzCore.framework in Frameworks */,
				C91436EC13F5E1EC00019EBF /* OpenGL.framework in Frameworks */,
				C91436EE13F5E1EC00019EBF /* OpenAL.framework in Frameworks */,
				C91436F013F5E1EC00019EBF /* AudioToolbox.framework in Frameworks */,
				C91436F213F5E1EC00019EBF /* AppKit.framework in Frameworks */,
				C91436F413F5E1EC00019EBF /* Foundation.framework in Frameworks */,
			);
			runOnlyForDeploymentPostprocessing = 0;
		};
/* End PBXFrameworksBuildPhase section */

/* Begin PBXGroup section */
		C91436DA13F5E1EC00019EBF = {
			isa = PBXGroup;
			children = (
				C91436F513F5E1EC00019EBF /* SpaceRoguelike */,
				C91436E813F5E1EC00019EBF /* Frameworks */,
				C91436E613F5E1EC00019EBF /* Products */,
			);
			sourceTree = "<group>";
		};
		C91436E613F5E1EC00019EBF /* Products */ = {
			isa = PBXGroup;
			children = (
				C91436E513F5E1EC00019EBF /* SpaceRoguelike.app */,
			);
			name = Products;
			sourceTree = "<group>";
		};
		C91436E813F5E1EC00019EBF /* Frameworks */ = {
			isa = PBXGroup;
			children = (
				C91436E913F5E1EC00019EBF /* QuartzCore.framework */,
				C91436EB13F5E1EC00019EBF /* OpenGL.framework */,
				C91436ED13F5E1EC00019EBF /* OpenAL.framework */,
				C91436EF13F5E1EC00019EBF /* AudioToolbox.framework */,
				C91436F113F5E1EC00019EBF /* AppKit.framework */,
				C91436F313F5E1EC00019EBF /* Foundation.framework */,
			);
			name = Frameworks;
			sourceTree = "<group>";
		};
		C91436F513F5E1EC00019EBF /* SpaceRoguelike */ = {
			isa = PBXGroup;
			children = (
				C93BB7EC13F97C61005A403A /* Layers */,
				C914381F13F5F45E00019EBF /* Utility */,
				C914381413F5E1EE00019EBF /* AppDelegate.h */,
				C914381513F5E1EE00019EBF /* AppDelegate.m */,
				C91436F613F5E1EC00019EBF /* Resources */,
				C914370313F5E1EC00019EBF /* libs */,
				C914381013F5E1EE00019EBF /* Supporting Files */,
				C914382013F5F48900019EBF /* SpaceRoguelike.h */,
			);
			path = SpaceRoguelike;
			sourceTree = "<group>";
		};
		C91436F613F5E1EC00019EBF /* Resources */ = {
			isa = PBXGroup;
			children = (
				C93BB7F713F98525005A403A /* Tiles */,
				C91436FE13F5E1EC00019EBF /* fps_images.png */,
				C914370013F5E1EC00019EBF /* icon.icns */,
				C914370213F5E1EC00019EBF /* Info.plist */,
				C91436F713F5E1EC00019EBF /* English.lproj */,
			);
			name = Resources;
			sourceTree = "<group>";
		};
		C91436F713F5E1EC00019EBF /* English.lproj */ = {
			isa = PBXGroup;
			children = (
				C91436F813F5E1EC00019EBF /* InfoPlist.strings */,
				C91436FB13F5E1EC00019EBF /* MainMenu.xib */,
			);
			name = English.lproj;
			sourceTree = "<group>";
		};
		C914370313F5E1EC00019EBF /* libs */ = {
			isa = PBXGroup;
			children = (
				C91437F913F5E1EE00019EBF /* LICENSE_cocos2d.txt */,
				C914380813F5E1EE00019EBF /* LICENSE_CocosDenshion.txt */,
				C914370413F5E1EC00019EBF /* cocos2d */,
				C91437FA13F5E1EE00019EBF /* CocosDenshion */,
				C914380913F5E1EE00019EBF /* CocosDenshionExtras */,
			);
			name = libs;
			sourceTree = "<group>";
		};
		C914370413F5E1EC00019EBF /* cocos2d */ = {
			isa = PBXGroup;
			children = (
				C914370513F5E1EC00019EBF /* CCAction.h */,
				C914370613F5E1EC00019EBF /* CCAction.m */,
				C914370813F5E1EC00019EBF /* CCActionCamera.h */,
				C914370913F5E1EC00019EBF /* CCActionCamera.m */,
				C914370B13F5E1EC00019EBF /* CCActionEase.h */,
				C914370C13F5E1EC00019EBF /* CCActionEase.m */,
				C914370E13F5E1EC00019EBF /* CCActionGrid.h */,
				C914370F13F5E1EC00019EBF /* CCActionGrid.m */,
				C914371113F5E1ED00019EBF /* CCActionGrid3D.h */,
				C914371213F5E1ED00019EBF /* CCActionGrid3D.m */,
				C914371413F5E1ED00019EBF /* CCActionInstant.h */,
				C914371513F5E1ED00019EBF /* CCActionInstant.m */,
				C914371713F5E1ED00019EBF /* CCActionInterval.h */,
				C914371813F5E1ED00019EBF /* CCActionInterval.m */,
				C914371A13F5E1ED00019EBF /* CCActionManager.h */,
				C914371B13F5E1ED00019EBF /* CCActionManager.m */,
				C914371D13F5E1ED00019EBF /* CCActionPageTurn3D.h */,
				C914371E13F5E1ED00019EBF /* CCActionPageTurn3D.m */,
				C914372013F5E1ED00019EBF /* CCActionProgressTimer.h */,
				C914372113F5E1ED00019EBF /* CCActionProgressTimer.m */,
				C914372313F5E1ED00019EBF /* CCActionTiledGrid.h */,
				C914372413F5E1ED00019EBF /* CCActionTiledGrid.m */,
				C914372613F5E1ED00019EBF /* CCActionTween.h */,
				C914372713F5E1ED00019EBF /* CCActionTween.m */,
				C914372913F5E1ED00019EBF /* CCAnimation.h */,
				C914372A13F5E1ED00019EBF /* CCAnimation.m */,
				C914372C13F5E1ED00019EBF /* CCAnimationCache.h */,
				C914372D13F5E1ED00019EBF /* CCAnimationCache.m */,
				C914372F13F5E1ED00019EBF /* CCAtlasNode.h */,
				C914373013F5E1ED00019EBF /* CCAtlasNode.m */,
				C914373213F5E1ED00019EBF /* CCBlockSupport.h */,
				C914373313F5E1ED00019EBF /* CCBlockSupport.m */,
				C914373513F5E1ED00019EBF /* CCCamera.h */,
				C914373613F5E1ED00019EBF /* CCCamera.m */,
				C914373813F5E1ED00019EBF /* ccConfig.h */,
				C914373913F5E1ED00019EBF /* CCConfiguration.h */,
				C914373A13F5E1ED00019EBF /* CCConfiguration.m */,
				C914373C13F5E1ED00019EBF /* CCDirector.h */,
				C914373D13F5E1ED00019EBF /* CCDirector.m */,
				C914373F13F5E1ED00019EBF /* CCDrawingPrimitives.h */,
				C914374013F5E1ED00019EBF /* CCDrawingPrimitives.m */,
				C914374213F5E1ED00019EBF /* CCGrabber.h */,
				C914374313F5E1ED00019EBF /* CCGrabber.m */,
				C914374513F5E1ED00019EBF /* CCGrid.h */,
				C914374613F5E1ED00019EBF /* CCGrid.m */,
				C914374813F5E1ED00019EBF /* CCLabelAtlas.h */,
				C914374913F5E1ED00019EBF /* CCLabelAtlas.m */,
				C914374B13F5E1ED00019EBF /* CCLabelBMFont.h */,
				C914374C13F5E1ED00019EBF /* CCLabelBMFont.m */,
				C914374E13F5E1ED00019EBF /* CCLabelTTF.h */,
				C914374F13F5E1ED00019EBF /* CCLabelTTF.m */,
				C914375113F5E1ED00019EBF /* CCLayer.h */,
				C914375213F5E1ED00019EBF /* CCLayer.m */,
				C914375413F5E1ED00019EBF /* ccMacros.h */,
				C914375513F5E1ED00019EBF /* CCMenu.h */,
				C914375613F5E1ED00019EBF /* CCMenu.m */,
				C914375813F5E1ED00019EBF /* CCMenuItem.h */,
				C914375913F5E1ED00019EBF /* CCMenuItem.m */,
				C914375B13F5E1ED00019EBF /* CCMotionStreak.h */,
				C914375C13F5E1ED00019EBF /* CCMotionStreak.m */,
				C914375E13F5E1ED00019EBF /* CCNode.h */,
				C914375F13F5E1ED00019EBF /* CCNode.m */,
				C914376113F5E1ED00019EBF /* CCParallaxNode.h */,
				C914376213F5E1ED00019EBF /* CCParallaxNode.m */,
				C914376413F5E1ED00019EBF /* CCParticleExamples.h */,
				C914376513F5E1ED00019EBF /* CCParticleExamples.m */,
				C914376713F5E1ED00019EBF /* CCParticleSystem.h */,
				C914376813F5E1ED00019EBF /* CCParticleSystem.m */,
				C914376A13F5E1ED00019EBF /* CCParticleSystemPoint.h */,
				C914376B13F5E1ED00019EBF /* CCParticleSystemPoint.m */,
				C914376D13F5E1ED00019EBF /* CCParticleSystemQuad.h */,
				C914376E13F5E1ED00019EBF /* CCParticleSystemQuad.m */,
				C914377013F5E1ED00019EBF /* CCProgressTimer.h */,
				C914377113F5E1ED00019EBF /* CCProgressTimer.m */,
				C914377313F5E1ED00019EBF /* CCProtocols.h */,
				C914377413F5E1ED00019EBF /* CCRenderTexture.h */,
				C914377513F5E1ED00019EBF /* CCRenderTexture.m */,
				C914377713F5E1ED00019EBF /* CCRibbon.h */,
				C914377813F5E1ED00019EBF /* CCRibbon.m */,
				C914377A13F5E1ED00019EBF /* CCScene.h */,
				C914377B13F5E1ED00019EBF /* CCScene.m */,
				C914377D13F5E1ED00019EBF /* CCScheduler.h */,
				C914377E13F5E1ED00019EBF /* CCScheduler.m */,
				C914378013F5E1ED00019EBF /* CCSprite.h */,
				C914378113F5E1ED00019EBF /* CCSprite.m */,
				C914378313F5E1ED00019EBF /* CCSpriteBatchNode.h */,
				C914378413F5E1ED00019EBF /* CCSpriteBatchNode.m */,
				C914378613F5E1ED00019EBF /* CCSpriteFrame.h */,
				C914378713F5E1ED00019EBF /* CCSpriteFrame.m */,
				C914378913F5E1ED00019EBF /* CCSpriteFrameCache.h */,
				C914378A13F5E1ED00019EBF /* CCSpriteFrameCache.m */,
				C914378C13F5E1ED00019EBF /* CCTexture2D.h */,
				C914378D13F5E1ED00019EBF /* CCTexture2D.m */,
				C914378F13F5E1ED00019EBF /* CCTextureAtlas.h */,
				C914379013F5E1ED00019EBF /* CCTextureAtlas.m */,
				C914379213F5E1ED00019EBF /* CCTextureCache.h */,
				C914379313F5E1EE00019EBF /* CCTextureCache.m */,
				C914379513F5E1EE00019EBF /* CCTexturePVR.h */,
				C914379613F5E1EE00019EBF /* CCTexturePVR.m */,
				C914379813F5E1EE00019EBF /* CCTileMapAtlas.h */,
				C914379913F5E1EE00019EBF /* CCTileMapAtlas.m */,
				C914379B13F5E1EE00019EBF /* CCTMXLayer.h */,
				C914379C13F5E1EE00019EBF /* CCTMXLayer.m */,
				C914379E13F5E1EE00019EBF /* CCTMXObjectGroup.h */,
				C914379F13F5E1EE00019EBF /* CCTMXObjectGroup.m */,
				C91437A113F5E1EE00019EBF /* CCTMXTiledMap.h */,
				C91437A213F5E1EE00019EBF /* CCTMXTiledMap.m */,
				C91437A413F5E1EE00019EBF /* CCTMXXMLParser.h */,
				C91437A513F5E1EE00019EBF /* CCTMXXMLParser.m */,
				C91437A713F5E1EE00019EBF /* CCTransition.h */,
				C91437A813F5E1EE00019EBF /* CCTransition.m */,
				C91437AA13F5E1EE00019EBF /* CCTransitionPageTurn.h */,
				C91437AB13F5E1EE00019EBF /* CCTransitionPageTurn.m */,
				C91437AD13F5E1EE00019EBF /* CCTransitionRadial.h */,
				C91437AE13F5E1EE00019EBF /* CCTransitionRadial.m */,
				C91437B013F5E1EE00019EBF /* ccTypes.h */,
				C91437B113F5E1EE00019EBF /* cocos2d.h */,
				C91437B213F5E1EE00019EBF /* cocos2d.m */,
				C91437B413F5E1EE00019EBF /* Platforms */,
				C91437D913F5E1EE00019EBF /* Support */,
			);
			name = cocos2d;
			sourceTree = "<group>";
		};
		C91437B413F5E1EE00019EBF /* Platforms */ = {
			isa = PBXGroup;
			children = (
				C91437B513F5E1EE00019EBF /* CCGL.h */,
				C91437B613F5E1EE00019EBF /* CCNS.h */,
				C91437B713F5E1EE00019EBF /* iOS */,
				C91437CC13F5E1EE00019EBF /* Mac */,
			);
			name = Platforms;
			sourceTree = "<group>";
		};
		C91437B713F5E1EE00019EBF /* iOS */ = {
			isa = PBXGroup;
			children = (
				C91437B813F5E1EE00019EBF /* CCDirectorIOS.h */,
				C91437B913F5E1EE00019EBF /* CCDirectorIOS.m */,
				C91437BB13F5E1EE00019EBF /* CCTouchDelegateProtocol.h */,
				C91437BC13F5E1EE00019EBF /* CCTouchDispatcher.h */,
				C91437BD13F5E1EE00019EBF /* CCTouchDispatcher.m */,
				C91437BF13F5E1EE00019EBF /* CCTouchHandler.h */,
				C91437C013F5E1EE00019EBF /* CCTouchHandler.m */,
				C91437C213F5E1EE00019EBF /* EAGLView.h */,
				C91437C313F5E1EE00019EBF /* EAGLView.m */,
				C91437C513F5E1EE00019EBF /* ES1Renderer.h */,
				C91437C613F5E1EE00019EBF /* ES1Renderer.m */,
				C91437C813F5E1EE00019EBF /* ESRenderer.h */,
				C91437C913F5E1EE00019EBF /* glu.c */,
				C91437CB13F5E1EE00019EBF /* glu.h */,
			);
			name = iOS;
			sourceTree = "<group>";
		};
		C91437CC13F5E1EE00019EBF /* Mac */ = {
			isa = PBXGroup;
			children = (
				C91437CD13F5E1EE00019EBF /* CCDirectorMac.h */,
				C91437CE13F5E1EE00019EBF /* CCDirectorMac.m */,
				C91437D013F5E1EE00019EBF /* CCEventDispatcher.h */,
				C91437D113F5E1EE00019EBF /* CCEventDispatcher.m */,
				C91437D313F5E1EE00019EBF /* MacGLView.h */,
				C91437D413F5E1EE00019EBF /* MacGLView.m */,
				C91437D613F5E1EE00019EBF /* MacWindow.h */,
				C91437D713F5E1EE00019EBF /* MacWindow.m */,
			);
			name = Mac;
			sourceTree = "<group>";
		};
		C91437D913F5E1EE00019EBF /* Support */ = {
			isa = PBXGroup;
			children = (
				C91437DA13F5E1EE00019EBF /* base64.c */,
				C91437DC13F5E1EE00019EBF /* base64.h */,
				C91437DD13F5E1EE00019EBF /* CCArray.h */,
				C91437DE13F5E1EE00019EBF /* CCArray.m */,
				C91437E013F5E1EE00019EBF /* ccCArray.h */,
				C91437E113F5E1EE00019EBF /* CCFileUtils.h */,
				C91437E213F5E1EE00019EBF /* CCFileUtils.m */,
				C91437E413F5E1EE00019EBF /* CCProfiling.h */,
				C91437E513F5E1EE00019EBF /* CCProfiling.m */,
				C91437E713F5E1EE00019EBF /* ccUtils.c */,
				C91437E913F5E1EE00019EBF /* ccUtils.h */,
				C91437EA13F5E1EE00019EBF /* CGPointExtension.h */,
				C91437EB13F5E1EE00019EBF /* CGPointExtension.m */,
				C91437ED13F5E1EE00019EBF /* OpenGL_Internal.h */,
				C91437EE13F5E1EE00019EBF /* TGAlib.h */,
				C91437EF13F5E1EE00019EBF /* TGAlib.m */,
				C91437F113F5E1EE00019EBF /* TransformUtils.h */,
				C91437F213F5E1EE00019EBF /* TransformUtils.m */,
				C91437F413F5E1EE00019EBF /* uthash.h */,
				C91437F513F5E1EE00019EBF /* utlist.h */,
				C91437F613F5E1EE00019EBF /* ZipUtils.h */,
				C91437F713F5E1EE00019EBF /* ZipUtils.m */,
			);
			name = Support;
			sourceTree = "<group>";
		};
		C91437FA13F5E1EE00019EBF /* CocosDenshion */ = {
			isa = PBXGroup;
			children = (
				C91437FB13F5E1EE00019EBF /* CDAudioManager.h */,
				C91437FC13F5E1EE00019EBF /* CDAudioManager.m */,
				C91437FE13F5E1EE00019EBF /* CDConfig.h */,
				C91437FF13F5E1EE00019EBF /* CDOpenALSupport.h */,
				C914380013F5E1EE00019EBF /* CDOpenALSupport.m */,
				C914380213F5E1EE00019EBF /* CocosDenshion.h */,
				C914380313F5E1EE00019EBF /* CocosDenshion.m */,
				C914380513F5E1EE00019EBF /* SimpleAudioEngine.h */,
				C914380613F5E1EE00019EBF /* SimpleAudioEngine.m */,
			);
			name = CocosDenshion;
			sourceTree = "<group>";
		};
		C914380913F5E1EE00019EBF /* CocosDenshionExtras */ = {
			isa = PBXGroup;
			children = (
				C914380A13F5E1EE00019EBF /* CDXMacOSXSupport.h */,
				C914380B13F5E1EE00019EBF /* CDXMacOSXSupport.m */,
				C914380D13F5E1EE00019EBF /* CDXPropertyModifierAction.h */,
				C914380E13F5E1EE00019EBF /* CDXPropertyModifierAction.m */,
			);
			name = CocosDenshionExtras;
			sourceTree = "<group>";
		};
		C914381013F5E1EE00019EBF /* Supporting Files */ = {
			isa = PBXGroup;
			children = (
				C914381113F5E1EE00019EBF /* Prefix.pch */,
				C914381213F5E1EE00019EBF /* main.m */,
			);
			name = "Supporting Files";
			sourceTree = "<group>";
		};
		C914381F13F5F45E00019EBF /* Utility */ = {
			isa = PBXGroup;
			children = (
			);
			name = Utility;
			sourceTree = "<group>";
		};
		C93BB7EC13F97C61005A403A /* Layers */ = {
			isa = PBXGroup;
			children = (
				C914381713F5E1EE00019EBF /* SRLayerMainMenu.h */,
				C914381813F5E1EE00019EBF /* SRLayerMainMenu.m */,
				C93BB7ED13F98020005A403A /* SRLayerTileTest.h */,
				C93BB7EE13F98020005A403A /* SRLayerTileTest.m */,
			);
			name = Layers;
			sourceTree = "<group>";
		};
		C93BB7F713F98525005A403A /* Tiles */ = {
			isa = PBXGroup;
			children = (
				C93BB7F813F9853C005A403A /* DefaultTileset.tmx */,
				C93BB7F913F9853C005A403A /* tilesheet.png */,
			);
			name = Tiles;
			sourceTree = "<group>";
		};
/* End PBXGroup section */

/* Begin PBXNativeTarget section */
		C91436E413F5E1EC00019EBF /* SpaceRoguelike */ = {
			isa = PBXNativeTarget;
			buildConfigurationList = C914381C13F5E1EE00019EBF /* Build configuration list for PBXNativeTarget "SpaceRoguelike" */;
			buildPhases = (
				C91436E113F5E1EC00019EBF /* Sources */,
				C91436E213F5E1EC00019EBF /* Frameworks */,
				C91436E313F5E1EC00019EBF /* Resources */,
			);
			buildRules = (
			);
			dependencies = (
			);
			name = SpaceRoguelike;
			productName = SpaceRoguelike;
			productReference = C91436E513F5E1EC00019EBF /* SpaceRoguelike.app */;
			productType = "com.apple.product-type.application";
		};
/* End PBXNativeTarget section */

/* Begin PBXProject section */
		C91436DC13F5E1EC00019EBF /* Project object */ = {
			isa = PBXProject;
			attributes = {
				ORGANIZATIONNAME = GloryFish.org;
			};
			buildConfigurationList = C91436DF13F5E1EC00019EBF /* Build configuration list for PBXProject "SpaceRoguelike" */;
			compatibilityVersion = "Xcode 3.2";
			developmentRegion = English;
			hasScannedForEncodings = 0;
			knownRegions = (
				en,
				English,
			);
			mainGroup = C91436DA13F5E1EC00019EBF;
			productRefGroup = C91436E613F5E1EC00019EBF /* Products */;
			projectDirPath = "";
			projectRoot = "";
			targets = (
				C91436E413F5E1EC00019EBF /* SpaceRoguelike */,
			);
		};
/* End PBXProject section */

/* Begin PBXResourcesBuildPhase section */
		C91436E313F5E1EC00019EBF /* Resources */ = {
			isa = PBXResourcesBuildPhase;
			buildActionMask = 2147483647;
			files = (
				C91436FA13F5E1EC00019EBF /* InfoPlist.strings in Resources */,
				C91436FD13F5E1EC00019EBF /* MainMenu.xib in Resources */,
				C91436FF13F5E1EC00019EBF /* fps_images.png in Resources */,
				C914370113F5E1EC00019EBF /* icon.icns in Resources */,
				C93BB7FA13F9853C005A403A /* DefaultTileset.tmx in Resources */,
				C93BB7FB13F9853C005A403A /* tilesheet.png in Resources */,
			);
			runOnlyForDeploymentPostprocessing = 0;
		};
/* End PBXResourcesBuildPhase section */

/* Begin PBXSourcesBuildPhase section */
		C91436E113F5E1EC00019EBF /* Sources */ = {
			isa = PBXSourcesBuildPhase;
			buildActionMask = 2147483647;
			files = (
				C914370713F5E1EC00019EBF /* CCAction.m in Sources */,
				C914370A13F5E1EC00019EBF /* CCActionCamera.m in Sources */,
				C914370D13F5E1EC00019EBF /* CCActionEase.m in Sources */,
				C914371013F5E1EC00019EBF /* CCActionGrid.m in Sources */,
				C914371313F5E1ED00019EBF /* CCActionGrid3D.m in Sources */,
				C914371613F5E1ED00019EBF /* CCActionInstant.m in Sources */,
				C914371913F5E1ED00019EBF /* CCActionInterval.m in Sources */,
				C914371C13F5E1ED00019EBF /* CCActionManager.m in Sources */,
				C914371F13F5E1ED00019EBF /* CCActionPageTurn3D.m in Sources */,
				C914372213F5E1ED00019EBF /* CCActionProgressTimer.m in Sources */,
				C914372513F5E1ED00019EBF /* CCActionTiledGrid.m in Sources */,
				C914372813F5E1ED00019EBF /* CCActionTween.m in Sources */,
				C914372B13F5E1ED00019EBF /* CCAnimation.m in Sources */,
				C914372E13F5E1ED00019EBF /* CCAnimationCache.m in Sources */,
				C914373113F5E1ED00019EBF /* CCAtlasNode.m in Sources */,
				C914373413F5E1ED00019EBF /* CCBlockSupport.m in Sources */,
				C914373713F5E1ED00019EBF /* CCCamera.m in Sources */,
				C914373B13F5E1ED00019EBF /* CCConfiguration.m in Sources */,
				C914373E13F5E1ED00019EBF /* CCDirector.m in Sources */,
				C914374113F5E1ED00019EBF /* CCDrawingPrimitives.m in Sources */,
				C914374413F5E1ED00019EBF /* CCGrabber.m in Sources */,
				C914374713F5E1ED00019EBF /* CCGrid.m in Sources */,
				C914374A13F5E1ED00019EBF /* CCLabelAtlas.m in Sources */,
				C914374D13F5E1ED00019EBF /* CCLabelBMFont.m in Sources */,
				C914375013F5E1ED00019EBF /* CCLabelTTF.m in Sources */,
				C914375313F5E1ED00019EBF /* CCLayer.m in Sources */,
				C914375713F5E1ED00019EBF /* CCMenu.m in Sources */,
				C914375A13F5E1ED00019EBF /* CCMenuItem.m in Sources */,
				C914375D13F5E1ED00019EBF /* CCMotionStreak.m in Sources */,
				C914376013F5E1ED00019EBF /* CCNode.m in Sources */,
				C914376313F5E1ED00019EBF /* CCParallaxNode.m in Sources */,
				C914376613F5E1ED00019EBF /* CCParticleExamples.m in Sources */,
				C914376913F5E1ED00019EBF /* CCParticleSystem.m in Sources */,
				C914376C13F5E1ED00019EBF /* CCParticleSystemPoint.m in Sources */,
				C914376F13F5E1ED00019EBF /* CCParticleSystemQuad.m in Sources */,
				C914377213F5E1ED00019EBF /* CCProgressTimer.m in Sources */,
				C914377613F5E1ED00019EBF /* CCRenderTexture.m in Sources */,
				C914377913F5E1ED00019EBF /* CCRibbon.m in Sources */,
				C914377C13F5E1ED00019EBF /* CCScene.m in Sources */,
				C914377F13F5E1ED00019EBF /* CCScheduler.m in Sources */,
				C914378213F5E1ED00019EBF /* CCSprite.m in Sources */,
				C914378513F5E1ED00019EBF /* CCSpriteBatchNode.m in Sources */,
				C914378813F5E1ED00019EBF /* CCSpriteFrame.m in Sources */,
				C914378B13F5E1ED00019EBF /* CCSpriteFrameCache.m in Sources */,
				C914378E13F5E1ED00019EBF /* CCTexture2D.m in Sources */,
				C914379113F5E1ED00019EBF /* CCTextureAtlas.m in Sources */,
				C914379413F5E1EE00019EBF /* CCTextureCache.m in Sources */,
				C914379713F5E1EE00019EBF /* CCTexturePVR.m in Sources */,
				C914379A13F5E1EE00019EBF /* CCTileMapAtlas.m in Sources */,
				C914379D13F5E1EE00019EBF /* CCTMXLayer.m in Sources */,
				C91437A013F5E1EE00019EBF /* CCTMXObjectGroup.m in Sources */,
				C91437A313F5E1EE00019EBF /* CCTMXTiledMap.m in Sources */,
				C91437A613F5E1EE00019EBF /* CCTMXXMLParser.m in Sources */,
				C91437A913F5E1EE00019EBF /* CCTransition.m in Sources */,
				C91437AC13F5E1EE00019EBF /* CCTransitionPageTurn.m in Sources */,
				C91437AF13F5E1EE00019EBF /* CCTransitionRadial.m in Sources */,
				C91437B313F5E1EE00019EBF /* cocos2d.m in Sources */,
				C91437BA13F5E1EE00019EBF /* CCDirectorIOS.m in Sources */,
				C91437BE13F5E1EE00019EBF /* CCTouchDispatcher.m in Sources */,
				C91437C113F5E1EE00019EBF /* CCTouchHandler.m in Sources */,
				C91437C413F5E1EE00019EBF /* EAGLView.m in Sources */,
				C91437C713F5E1EE00019EBF /* ES1Renderer.m in Sources */,
				C91437CA13F5E1EE00019EBF /* glu.c in Sources */,
				C91437CF13F5E1EE00019EBF /* CCDirectorMac.m in Sources */,
				C91437D213F5E1EE00019EBF /* CCEventDispatcher.m in Sources */,
				C91437D513F5E1EE00019EBF /* MacGLView.m in Sources */,
				C91437D813F5E1EE00019EBF /* MacWindow.m in Sources */,
				C91437DB13F5E1EE00019EBF /* base64.c in Sources */,
				C91437DF13F5E1EE00019EBF /* CCArray.m in Sources */,
				C91437E313F5E1EE00019EBF /* CCFileUtils.m in Sources */,
				C91437E613F5E1EE00019EBF /* CCProfiling.m in Sources */,
				C91437E813F5E1EE00019EBF /* ccUtils.c in Sources */,
				C91437EC13F5E1EE00019EBF /* CGPointExtension.m in Sources */,
				C91437F013F5E1EE00019EBF /* TGAlib.m in Sources */,
				C91437F313F5E1EE00019EBF /* TransformUtils.m in Sources */,
				C91437F813F5E1EE00019EBF /* ZipUtils.m in Sources */,
				C91437FD13F5E1EE00019EBF /* CDAudioManager.m in Sources */,
				C914380113F5E1EE00019EBF /* CDOpenALSupport.m in Sources */,
				C914380413F5E1EE00019EBF /* CocosDenshion.m in Sources */,
				C914380713F5E1EE00019EBF /* SimpleAudioEngine.m in Sources */,
				C914380C13F5E1EE00019EBF /* CDXMacOSXSupport.m in Sources */,
				C914380F13F5E1EE00019EBF /* CDXPropertyModifierAction.m in Sources */,
				C914381313F5E1EE00019EBF /* main.m in Sources */,
				C914381613F5E1EE00019EBF /* AppDelegate.m in Sources */,
				C914381913F5E1EE00019EBF /* SRLayerMainMenu.m in Sources */,
				C93BB7EF13F98020005A403A /* SRLayerTileTest.m in Sources */,
			);
			runOnlyForDeploymentPostprocessing = 0;
		};
/* End PBXSourcesBuildPhase section */

/* Begin PBXVariantGroup section */
		C91436F813F5E1EC00019EBF /* InfoPlist.strings */ = {
			isa = PBXVariantGroup;
			children = (
				C91436F913F5E1EC00019EBF /* English */,
			);
			name = InfoPlist.strings;
			sourceTree = "<group>";
		};
		C91436FB13F5E1EC00019EBF /* MainMenu.xib */ = {
			isa = PBXVariantGroup;
			children = (
				C91436FC13F5E1EC00019EBF /* English */,
			);
			name = MainMenu.xib;
			sourceTree = "<group>";
		};
/* End PBXVariantGroup section */

/* Begin XCBuildConfiguration section */
		C914381A13F5E1EE00019EBF /* Debug */ = {
			isa = XCBuildConfiguration;
			buildSettings = {
				ARCHS = "$(ARCHS_STANDARD_32_64_BIT)";
				GCC_C_LANGUAGE_STANDARD = gnu99;
				GCC_OPTIMIZATION_LEVEL = 0;
				GCC_PREPROCESSOR_DEFINITIONS = (
					DEBUG,
					"COCOS2D_DEBUG=1",
				);
				GCC_SYMBOLS_PRIVATE_EXTERN = NO;
				GCC_VERSION = com.apple.compilers.llvm.clang.1_0;
				GCC_WARN_64_TO_32_BIT_CONVERSION = YES;
				GCC_WARN_ABOUT_RETURN_TYPE = YES;
				GCC_WARN_UNUSED_VARIABLE = YES;
				MACOSX_DEPLOYMENT_TARGET = 10.7;
				ONLY_ACTIVE_ARCH = YES;
				SDKROOT = macosx;
			};
			name = Debug;
		};
		C914381B13F5E1EE00019EBF /* Release */ = {
			isa = XCBuildConfiguration;
			buildSettings = {
				ARCHS = "$(ARCHS_STANDARD_32_64_BIT)";
				GCC_C_LANGUAGE_STANDARD = gnu99;
				GCC_PREPROCESSOR_DEFINITIONS = NDEBUG;
				GCC_VERSION = com.apple.compilers.llvm.clang.1_0;
				GCC_WARN_64_TO_32_BIT_CONVERSION = YES;
				GCC_WARN_ABOUT_RETURN_TYPE = YES;
				GCC_WARN_UNUSED_VARIABLE = YES;
				MACOSX_DEPLOYMENT_TARGET = 10.7;
				OTHER_CFLAGS = "-DNS_BLOCK_ASSERTIONS=1";
				SDKROOT = macosx;
			};
			name = Release;
		};
		C914381D13F5E1EE00019EBF /* Debug */ = {
			isa = XCBuildConfiguration;
			buildSettings = {
				ALWAYS_SEARCH_USER_PATHS = NO;
				COPY_PHASE_STRIP = NO;
				GCC_DYNAMIC_NO_PIC = NO;
				GCC_ENABLE_OBJC_EXCEPTIONS = YES;
				GCC_PRECOMPILE_PREFIX_HEADER = YES;
				GCC_PREFIX_HEADER = SpaceRoguelike/Prefix.pch;
				INFOPLIST_FILE = SpaceRoguelike/Resources/Info.plist;
				OTHER_LDFLAGS = "-lz";
				PRODUCT_NAME = "$(TARGET_NAME)";
				WRAPPER_EXTENSION = app;
			};
			name = Debug;
		};
		C914381E13F5E1EE00019EBF /* Release */ = {
			isa = XCBuildConfiguration;
			buildSettings = {
				ALWAYS_SEARCH_USER_PATHS = NO;
				COPY_PHASE_STRIP = YES;
				DEBUG_INFORMATION_FORMAT = "dwarf-with-dsym";
				GCC_ENABLE_OBJC_EXCEPTIONS = YES;
				GCC_PRECOMPILE_PREFIX_HEADER = YES;
				GCC_PREFIX_HEADER = SpaceRoguelike/Prefix.pch;
				INFOPLIST_FILE = SpaceRoguelike/Resources/Info.plist;
				OTHER_LDFLAGS = "-lz";
				PRODUCT_NAME = "$(TARGET_NAME)";
				WRAPPER_EXTENSION = app;
			};
			name = Release;
		};
/* End XCBuildConfiguration section */

/* Begin XCConfigurationList section */
		C91436DF13F5E1EC00019EBF /* Build configuration list for PBXProject "SpaceRoguelike" */ = {
			isa = XCConfigurationList;
			buildConfigurations = (
				C914381A13F5E1EE00019EBF /* Debug */,
				C914381B13F5E1EE00019EBF /* Release */,
			);
			defaultConfigurationIsVisible = 0;
			defaultConfigurationName = Release;
		};
		C914381C13F5E1EE00019EBF /* Build configuration list for PBXNativeTarget "SpaceRoguelike" */ = {
			isa = XCConfigurationList;
			buildConfigurations = (
				C914381D13F5E1EE00019EBF /* Debug */,
				C914381E13F5E1EE00019EBF /* Release */,
			);
			defaultConfigurationIsVisible = 0;
			defaultConfigurationName = Release;
		};
/* End XCConfigurationList section */
	};
	rootObject = C91436DC13F5E1EC00019EBF /* Project object */;
}
